// !$*UTF8*$!
{
	archiveVersion = 1;
	classes = {
	};
	objectVersion = 56;
	objects = {

/* Begin PBXBuildFile section */
		AF0928492B188C9900FC0BCF /* Array+Extensions.swift in Sources */ = {isa = PBXBuildFile; fileRef = AF0928482B188C9900FC0BCF /* Array+Extensions.swift */; };
		AF095EBF2B1F864100255338 /* MRangeTests.swift in Sources */ = {isa = PBXBuildFile; fileRef = AF095EBE2B1F864100255338 /* MRangeTests.swift */; };
		AF095EC12B1F866B00255338 /* MRange.swift in Sources */ = {isa = PBXBuildFile; fileRef = AF095EC02B1F866B00255338 /* MRange.swift */; };
		AF095EC22B1F86BB00255338 /* MRange.swift in Sources */ = {isa = PBXBuildFile; fileRef = AF095EC02B1F866B00255338 /* MRange.swift */; };
		AF095EC32B1F86C700255338 /* Day5.swift in Sources */ = {isa = PBXBuildFile; fileRef = AF095EBD2B1F844700255338 /* Day5.swift */; };
		AF095EC42B1F86C700255338 /* Day5.swift in Sources */ = {isa = PBXBuildFile; fileRef = AF095EBD2B1F844700255338 /* Day5.swift */; };
		AF095EC62B1F885A00255338 /* MMap.swift in Sources */ = {isa = PBXBuildFile; fileRef = AF095EC52B1F885A00255338 /* MMap.swift */; };
		AF095EC72B1F886800255338 /* MMap.swift in Sources */ = {isa = PBXBuildFile; fileRef = AF095EC52B1F885A00255338 /* MMap.swift */; };
		AF095EC92B1F887500255338 /* MMapTests.swift in Sources */ = {isa = PBXBuildFile; fileRef = AF095EC82B1F887500255338 /* MMapTests.swift */; };
		AF095ECB2B1F8D7400255338 /* Almanac.swift in Sources */ = {isa = PBXBuildFile; fileRef = AF095ECA2B1F8D7400255338 /* Almanac.swift */; };
		AF095ECD2B1F8D8900255338 /* AlmanacTests.swift in Sources */ = {isa = PBXBuildFile; fileRef = AF095ECC2B1F8D8900255338 /* AlmanacTests.swift */; };
		AF095ECE2B1F8F4F00255338 /* Almanac.swift in Sources */ = {isa = PBXBuildFile; fileRef = AF095ECA2B1F8D7400255338 /* Almanac.swift */; };
		AF095ECF2B1FB5EC00255338 /* Day5Tests.swift in Sources */ = {isa = PBXBuildFile; fileRef = AF095EBC2B1F842B00255338 /* Day5Tests.swift */; };
		AF095ED12B1FB67F00255338 /* Day5.txt in Resources */ = {isa = PBXBuildFile; fileRef = AF095ED02B1FB67F00255338 /* Day5.txt */; };
		AF13A5C92B2A45A900B08552 /* Day12Tests.swift in Sources */ = {isa = PBXBuildFile; fileRef = AFE7792D2B29A4A60054F226 /* Day12Tests.swift */; };
		AF13A5CB2B2A460700B08552 /* Records.swift in Sources */ = {isa = PBXBuildFile; fileRef = AF13A5CA2B2A460700B08552 /* Records.swift */; };
		AF13A5CC2B2A48EC00B08552 /* Records.swift in Sources */ = {isa = PBXBuildFile; fileRef = AF13A5CA2B2A460700B08552 /* Records.swift */; };
		AF13A5CD2B2A490600B08552 /* Day12.txt in Resources */ = {isa = PBXBuildFile; fileRef = AFE7792E2B29A4A70054F226 /* Day12.txt */; };
		AF1C96CB2B21F03D00599156 /* Day8Tests.swift in Sources */ = {isa = PBXBuildFile; fileRef = AFDF409C2B21BBD500C89269 /* Day8Tests.swift */; };
		AF1C96CC2B21F04D00599156 /* Day8.txt in Resources */ = {isa = PBXBuildFile; fileRef = AFDF409D2B21BBD800C89269 /* Day8.txt */; };
		AF2E05F02B27293F00B3D894 /* LandscapeTests.swift in Sources */ = {isa = PBXBuildFile; fileRef = AF2E05EF2B27293F00B3D894 /* LandscapeTests.swift */; };
		AF60ED6E2B188F4C001DC88B /* Array+ExtensionTests.swift in Sources */ = {isa = PBXBuildFile; fileRef = AF60ED6D2B188F4C001DC88B /* Array+ExtensionTests.swift */; };
		AF60ED742B18913A001DC88B /* Array+Extensions.swift in Sources */ = {isa = PBXBuildFile; fileRef = AF0928482B188C9900FC0BCF /* Array+Extensions.swift */; };
		AF6146BE2B1799D2000091C8 /* Day1.swift in Sources */ = {isa = PBXBuildFile; fileRef = AF6146BD2B1799D2000091C8 /* Day1.swift */; };
		AF85D00C2B303EF5000DD35B /* Platform.swift in Sources */ = {isa = PBXBuildFile; fileRef = AF85D00B2B303EF5000DD35B /* Platform.swift */; };
		AF85D00D2B303EF5000DD35B /* Platform.swift in Sources */ = {isa = PBXBuildFile; fileRef = AF85D00B2B303EF5000DD35B /* Platform.swift */; };
		AF85D00F2B303FB3000DD35B /* PlatformTests.swift in Sources */ = {isa = PBXBuildFile; fileRef = AF85D00E2B303FB3000DD35B /* PlatformTests.swift */; };
		AF85D0102B304011000DD35B /* Day14.swift in Sources */ = {isa = PBXBuildFile; fileRef = AF85D0072B2FA03E000DD35B /* Day14.swift */; };
		AF85D0112B304012000DD35B /* Day14.swift in Sources */ = {isa = PBXBuildFile; fileRef = AF85D0072B2FA03E000DD35B /* Day14.swift */; };
		AF85D0122B305C8E000DD35B /* Day14Tests.swift in Sources */ = {isa = PBXBuildFile; fileRef = AF85D0092B2FA05C000DD35B /* Day14Tests.swift */; };
		AF85D0132B305C91000DD35B /* Day14.txt in Resources */ = {isa = PBXBuildFile; fileRef = AF85D00A2B2FA05C000DD35B /* Day14.txt */; };
		AF954D312B2B96EA00DFF3D4 /* Day13Tests.swift in Sources */ = {isa = PBXBuildFile; fileRef = AF954D2F2B2B96D300DFF3D4 /* Day13Tests.swift */; };
		AF954D322B2B96ED00DFF3D4 /* Day13.txt in Resources */ = {isa = PBXBuildFile; fileRef = AF954D302B2B96D400DFF3D4 /* Day13.txt */; };
		AF954D342B2B971000DFF3D4 /* Day13.swift in Sources */ = {isa = PBXBuildFile; fileRef = AF954D332B2B970A00DFF3D4 /* Day13.swift */; };
		AF954D352B2B971000DFF3D4 /* Day13.swift in Sources */ = {isa = PBXBuildFile; fileRef = AF954D332B2B970A00DFF3D4 /* Day13.swift */; };
		AF954D372B2B997400DFF3D4 /* Terrain.swift in Sources */ = {isa = PBXBuildFile; fileRef = AF954D362B2B997400DFF3D4 /* Terrain.swift */; };
		AF954D382B2B997400DFF3D4 /* Terrain.swift in Sources */ = {isa = PBXBuildFile; fileRef = AF954D362B2B997400DFF3D4 /* Terrain.swift */; };
		AF954D3A2B2B9A5000DFF3D4 /* TerrainTests.swift in Sources */ = {isa = PBXBuildFile; fileRef = AF954D392B2B9A5000DFF3D4 /* TerrainTests.swift */; };
		AFA147EB2B23AA88006347F3 /* LeastCommonMultiplerCalculator.swift in Sources */ = {isa = PBXBuildFile; fileRef = AFA147EA2B23AA88006347F3 /* LeastCommonMultiplerCalculator.swift */; };
		AFA147EC2B23AA88006347F3 /* LeastCommonMultiplerCalculator.swift in Sources */ = {isa = PBXBuildFile; fileRef = AFA147EA2B23AA88006347F3 /* LeastCommonMultiplerCalculator.swift */; };
		AFA147EE2B23AA97006347F3 /* LeastCommonMultiplerCalculatorTests.swift in Sources */ = {isa = PBXBuildFile; fileRef = AFA147ED2B23AA97006347F3 /* LeastCommonMultiplerCalculatorTests.swift */; };
		AFA147F42B24827B006347F3 /* Day9.swift in Sources */ = {isa = PBXBuildFile; fileRef = AFA147F02B24821E006347F3 /* Day9.swift */; };
		AFA147F52B24827C006347F3 /* Day9.swift in Sources */ = {isa = PBXBuildFile; fileRef = AFA147F02B24821E006347F3 /* Day9.swift */; };
		AFA147F62B248280006347F3 /* Day9Tests.swift in Sources */ = {isa = PBXBuildFile; fileRef = AFA147F32B24822A006347F3 /* Day9Tests.swift */; };
		AFA147F72B248285006347F3 /* Day9.txt in Resources */ = {isa = PBXBuildFile; fileRef = AFA147F22B248229006347F3 /* Day9.txt */; };
		AFA147F92B2483D3006347F3 /* History.swift in Sources */ = {isa = PBXBuildFile; fileRef = AFA147F82B2483D3006347F3 /* History.swift */; };
		AFA147FA2B2483D3006347F3 /* History.swift in Sources */ = {isa = PBXBuildFile; fileRef = AFA147F82B2483D3006347F3 /* History.swift */; };
		AFA147FC2B2483E0006347F3 /* HistoryTests.swift in Sources */ = {isa = PBXBuildFile; fileRef = AFA147FB2B2483E0006347F3 /* HistoryTests.swift */; };
		AFA147FE2B2484CD006347F3 /* Oasis.swift in Sources */ = {isa = PBXBuildFile; fileRef = AFA147FD2B2484CD006347F3 /* Oasis.swift */; };
		AFA147FF2B2484CD006347F3 /* Oasis.swift in Sources */ = {isa = PBXBuildFile; fileRef = AFA147FD2B2484CD006347F3 /* Oasis.swift */; };
		AFA148012B248541006347F3 /* OasisTests.swift in Sources */ = {isa = PBXBuildFile; fileRef = AFA148002B248541006347F3 /* OasisTests.swift */; };
		AFA148082B264648006347F3 /* Pipe.swift in Sources */ = {isa = PBXBuildFile; fileRef = AFA148072B264648006347F3 /* Pipe.swift */; };
		AFA148092B264648006347F3 /* Pipe.swift in Sources */ = {isa = PBXBuildFile; fileRef = AFA148072B264648006347F3 /* Pipe.swift */; };
		AFA1480A2B26470A006347F3 /* Day10.swift in Sources */ = {isa = PBXBuildFile; fileRef = AFA148062B264594006347F3 /* Day10.swift */; };
		AFA1480B2B26470B006347F3 /* Day10.swift in Sources */ = {isa = PBXBuildFile; fileRef = AFA148062B264594006347F3 /* Day10.swift */; };
		AFA4A4E72B27B66E00CFC8F8 /* Day10Tests.swift in Sources */ = {isa = PBXBuildFile; fileRef = AFA148042B26458F006347F3 /* Day10Tests.swift */; };
		AFA4A4E82B27B69700CFC8F8 /* Day10.txt in Resources */ = {isa = PBXBuildFile; fileRef = AFA148052B264590006347F3 /* Day10.txt */; };
		AFA4A4EA2B28539C00CFC8F8 /* Landscape.swift in Sources */ = {isa = PBXBuildFile; fileRef = AFA4A4E92B28539C00CFC8F8 /* Landscape.swift */; };
		AFA4A4EB2B28539C00CFC8F8 /* Landscape.swift in Sources */ = {isa = PBXBuildFile; fileRef = AFA4A4E92B28539C00CFC8F8 /* Landscape.swift */; };
		AFA4A4ED2B2853B600CFC8F8 /* Tile.swift in Sources */ = {isa = PBXBuildFile; fileRef = AFA4A4EC2B2853B600CFC8F8 /* Tile.swift */; };
		AFA4A4EE2B2853B600CFC8F8 /* Tile.swift in Sources */ = {isa = PBXBuildFile; fileRef = AFA4A4EC2B2853B600CFC8F8 /* Tile.swift */; };
		AFA4A4F02B2853CC00CFC8F8 /* Coordinate.swift in Sources */ = {isa = PBXBuildFile; fileRef = AFA4A4EF2B2853CC00CFC8F8 /* Coordinate.swift */; };
		AFA4A4F12B2853CC00CFC8F8 /* Coordinate.swift in Sources */ = {isa = PBXBuildFile; fileRef = AFA4A4EF2B2853CC00CFC8F8 /* Coordinate.swift */; };
		AFA4A4F32B2853E100CFC8F8 /* Direction.swift in Sources */ = {isa = PBXBuildFile; fileRef = AFA4A4F22B2853E100CFC8F8 /* Direction.swift */; };
		AFA4A4F42B2853E100CFC8F8 /* Direction.swift in Sources */ = {isa = PBXBuildFile; fileRef = AFA4A4F22B2853E100CFC8F8 /* Direction.swift */; };
		AFA4E9902B18A7B500126B28 /* Day1Tests.swift in Sources */ = {isa = PBXBuildFile; fileRef = AFA4E98F2B18A7B500126B28 /* Day1Tests.swift */; };
		AFA4E9922B18AD3900126B28 /* Day1.swift in Sources */ = {isa = PBXBuildFile; fileRef = AF6146BD2B1799D2000091C8 /* Day1.swift */; };
		AFB8DF002B2318410055A02B /* Network.swift in Sources */ = {isa = PBXBuildFile; fileRef = AFB8DEFF2B2318410055A02B /* Network.swift */; };
		AFB8DF022B231B2C0055A02B /* NodeTests.swift in Sources */ = {isa = PBXBuildFile; fileRef = AFB8DF012B231B2C0055A02B /* NodeTests.swift */; };
		AFB8DF032B231B320055A02B /* Network.swift in Sources */ = {isa = PBXBuildFile; fileRef = AFB8DEFF2B2318410055A02B /* Network.swift */; };
		AFB8DF062B231C340055A02B /* Day7Tests.swift in Sources */ = {isa = PBXBuildFile; fileRef = AFB8DF042B231C340055A02B /* Day7Tests.swift */; };
		AFB8DF072B231C340055A02B /* Day7.txt in Resources */ = {isa = PBXBuildFile; fileRef = AFB8DF052B231C340055A02B /* Day7.txt */; };
		AFB8DF092B231C3C0055A02B /* Day7.swift in Sources */ = {isa = PBXBuildFile; fileRef = AFB8DF082B231C3C0055A02B /* Day7.swift */; };
		AFB8DF0A2B231C470055A02B /* Day7.swift in Sources */ = {isa = PBXBuildFile; fileRef = AFB8DF082B231C3C0055A02B /* Day7.swift */; };
		AFB8DF0C2B231E0B0055A02B /* NetworkTests.swift in Sources */ = {isa = PBXBuildFile; fileRef = AFB8DF0B2B231E0B0055A02B /* NetworkTests.swift */; };
		AFDF40912B20D7EA00C89269 /* Day6.swift in Sources */ = {isa = PBXBuildFile; fileRef = AFDF40902B20D7EA00C89269 /* Day6.swift */; };
		AFDF40932B20D8E600C89269 /* Day6Tests.swift in Sources */ = {isa = PBXBuildFile; fileRef = AFDF40922B20D8E600C89269 /* Day6Tests.swift */; };
		AFDF40942B20D8F700C89269 /* Day6.swift in Sources */ = {isa = PBXBuildFile; fileRef = AFDF40902B20D7EA00C89269 /* Day6.swift */; };
		AFDF40962B20D95500C89269 /* Race.swift in Sources */ = {isa = PBXBuildFile; fileRef = AFDF40952B20D95500C89269 /* Race.swift */; };
		AFDF40972B20D95F00C89269 /* Race.swift in Sources */ = {isa = PBXBuildFile; fileRef = AFDF40952B20D95500C89269 /* Race.swift */; };
		AFDF40992B21072800C89269 /* Day6.txt in Resources */ = {isa = PBXBuildFile; fileRef = AFDF40982B21072800C89269 /* Day6.txt */; };
		AFDF40A02B21BD5F00C89269 /* HandStrength.swift in Sources */ = {isa = PBXBuildFile; fileRef = AFDF409F2B21BD5F00C89269 /* HandStrength.swift */; };
		AFDF40A12B21BD6300C89269 /* HandStrength.swift in Sources */ = {isa = PBXBuildFile; fileRef = AFDF409F2B21BD5F00C89269 /* HandStrength.swift */; };
		AFDF40A32B21BD7200C89269 /* HandStrengthTests.swift in Sources */ = {isa = PBXBuildFile; fileRef = AFDF40A22B21BD7200C89269 /* HandStrengthTests.swift */; };
		AFDF40A52B21BDB600C89269 /* Hand.swift in Sources */ = {isa = PBXBuildFile; fileRef = AFDF40A42B21BDB600C89269 /* Hand.swift */; };
		AFDF40A62B21BE1100C89269 /* Day8.swift in Sources */ = {isa = PBXBuildFile; fileRef = AFDF409E2B21BBF500C89269 /* Day8.swift */; };
		AFDF40A72B21BE1100C89269 /* Day8.swift in Sources */ = {isa = PBXBuildFile; fileRef = AFDF409E2B21BBF500C89269 /* Day8.swift */; };
		AFDF40A82B21BE1800C89269 /* Hand.swift in Sources */ = {isa = PBXBuildFile; fileRef = AFDF40A42B21BDB600C89269 /* Hand.swift */; };
		AFDF40AA2B21BE5300C89269 /* HandTests.swift in Sources */ = {isa = PBXBuildFile; fileRef = AFDF40A92B21BE5300C89269 /* HandTests.swift */; };
		AFDF40AC2B21BF3E00C89269 /* Card.swift in Sources */ = {isa = PBXBuildFile; fileRef = AFDF40AB2B21BF3E00C89269 /* Card.swift */; };
		AFDF40AD2B21C11B00C89269 /* Card.swift in Sources */ = {isa = PBXBuildFile; fileRef = AFDF40AB2B21BF3E00C89269 /* Card.swift */; };
		AFE7791C2B28CB8D0054F226 /* Universe.swift in Sources */ = {isa = PBXBuildFile; fileRef = AFE7791B2B28CB8D0054F226 /* Universe.swift */; };
		AFE7791D2B28CB8D0054F226 /* Universe.swift in Sources */ = {isa = PBXBuildFile; fileRef = AFE7791B2B28CB8D0054F226 /* Universe.swift */; };
		AFE7791E2B28CB9F0054F226 /* Day11.swift in Sources */ = {isa = PBXBuildFile; fileRef = AFE779182B28C9240054F226 /* Day11.swift */; };
		AFE7791F2B28CB9F0054F226 /* Day11.swift in Sources */ = {isa = PBXBuildFile; fileRef = AFE779182B28C9240054F226 /* Day11.swift */; };
		AFE779202B28CBA50054F226 /* Day11Tests.swift in Sources */ = {isa = PBXBuildFile; fileRef = AFE7791A2B28C9380054F226 /* Day11Tests.swift */; };
		AFE779222B28CBB20054F226 /* UniverseTests.swift in Sources */ = {isa = PBXBuildFile; fileRef = AFE779212B28CBB20054F226 /* UniverseTests.swift */; };
		AFE779252B2908620054F226 /* Algorithms in Frameworks */ = {isa = PBXBuildFile; productRef = AFE779242B2908620054F226 /* Algorithms */; };
		AFE779282B2908DC0054F226 /* Algorithms in Frameworks */ = {isa = PBXBuildFile; productRef = AFE779272B2908DC0054F226 /* Algorithms */; };
		AFE779292B290E6A0054F226 /* Day11.txt in Resources */ = {isa = PBXBuildFile; fileRef = AFE779192B28C9380054F226 /* Day11.txt */; };
		AFE7792F2B29A4A90054F226 /* Day12.swift in Sources */ = {isa = PBXBuildFile; fileRef = AFE7792B2B29A4920054F226 /* Day12.swift */; };
		AFE779302B29A4AA0054F226 /* Day12.swift in Sources */ = {isa = PBXBuildFile; fileRef = AFE7792B2B29A4920054F226 /* Day12.swift */; };
		AFE779322B29A6050054F226 /* Row.swift in Sources */ = {isa = PBXBuildFile; fileRef = AFE779312B29A6050054F226 /* Row.swift */; };
		AFE779332B29A6050054F226 /* Row.swift in Sources */ = {isa = PBXBuildFile; fileRef = AFE779312B29A6050054F226 /* Row.swift */; };
		AFE779352B29A6330054F226 /* Spring.swift in Sources */ = {isa = PBXBuildFile; fileRef = AFE779342B29A6330054F226 /* Spring.swift */; };
		AFE779362B29A6330054F226 /* Spring.swift in Sources */ = {isa = PBXBuildFile; fileRef = AFE779342B29A6330054F226 /* Spring.swift */; };
		AFE779382B29A6850054F226 /* RowTests.swift in Sources */ = {isa = PBXBuildFile; fileRef = AFE779372B29A6850054F226 /* RowTests.swift */; };
		AFE7793A2B29A8BE0054F226 /* Status.swift in Sources */ = {isa = PBXBuildFile; fileRef = AFE779392B29A8BE0054F226 /* Status.swift */; };
		AFE7793B2B29A8BE0054F226 /* Status.swift in Sources */ = {isa = PBXBuildFile; fileRef = AFE779392B29A8BE0054F226 /* Status.swift */; };
		AFECC3D82B1A3842006034F0 /* TestHelpers.swift in Sources */ = {isa = PBXBuildFile; fileRef = AFECC3D72B1A3842006034F0 /* TestHelpers.swift */; };
		AFECC3DA2B1A3BF1006034F0 /* Day1Input.txt in Resources */ = {isa = PBXBuildFile; fileRef = AFECC3D92B1A3BF1006034F0 /* Day1Input.txt */; };
		AFECC3DD2B1B9A2F006034F0 /* String+ExtensionsTests.swift in Sources */ = {isa = PBXBuildFile; fileRef = AFECC3DC2B1B9A2F006034F0 /* String+ExtensionsTests.swift */; };
		AFECC3DF2B1B9AFE006034F0 /* String+Extensions.swift in Sources */ = {isa = PBXBuildFile; fileRef = AFECC3DE2B1B9AFE006034F0 /* String+Extensions.swift */; };
		AFECC3E02B1B9BB7006034F0 /* String+Extensions.swift in Sources */ = {isa = PBXBuildFile; fileRef = AFECC3DE2B1B9AFE006034F0 /* String+Extensions.swift */; };
		AFECC3E32B1BA5CC006034F0 /* Day2Tests.swift in Sources */ = {isa = PBXBuildFile; fileRef = AFECC3E22B1BA5CC006034F0 /* Day2Tests.swift */; };
		AFECC3E52B1BA5D5006034F0 /* Day2.swift in Sources */ = {isa = PBXBuildFile; fileRef = AFECC3E42B1BA5D5006034F0 /* Day2.swift */; };
		AFECC3E62B1BA762006034F0 /* Day2.swift in Sources */ = {isa = PBXBuildFile; fileRef = AFECC3E42B1BA5D5006034F0 /* Day2.swift */; };
		AFECC3E92B1BAAFA006034F0 /* RecordTests.swift in Sources */ = {isa = PBXBuildFile; fileRef = AFECC3E82B1BAAFA006034F0 /* RecordTests.swift */; };
		AFECC3ED2B1BAB20006034F0 /* Record.swift in Sources */ = {isa = PBXBuildFile; fileRef = AFECC3EC2B1BAB20006034F0 /* Record.swift */; };
		AFECC3EF2B1BAB72006034F0 /* Game.swift in Sources */ = {isa = PBXBuildFile; fileRef = AFECC3EE2B1BAB72006034F0 /* Game.swift */; };
		AFECC3F02B1BABE4006034F0 /* Record.swift in Sources */ = {isa = PBXBuildFile; fileRef = AFECC3EC2B1BAB20006034F0 /* Record.swift */; };
		AFECC3F12B1BABE7006034F0 /* Game.swift in Sources */ = {isa = PBXBuildFile; fileRef = AFECC3EE2B1BAB72006034F0 /* Game.swift */; };
		AFECC3F32B1BAC94006034F0 /* GameTests.swift in Sources */ = {isa = PBXBuildFile; fileRef = AFECC3F22B1BAC94006034F0 /* GameTests.swift */; };
		AFECC3F52B1BB528006034F0 /* Day2Input.txt in Resources */ = {isa = PBXBuildFile; fileRef = AFECC3F42B1BB528006034F0 /* Day2Input.txt */; };
		AFECC3F82B1D11C9006034F0 /* main.swift in Sources */ = {isa = PBXBuildFile; fileRef = AFECC3F72B1D11C9006034F0 /* main.swift */; };
		AFECC3FC2B1D127A006034F0 /* Day3Tests.swift in Sources */ = {isa = PBXBuildFile; fileRef = AFECC3FB2B1D127A006034F0 /* Day3Tests.swift */; };
		AFECC3FE2B1D1339006034F0 /* Day3.swift in Sources */ = {isa = PBXBuildFile; fileRef = AFECC3FD2B1D1339006034F0 /* Day3.swift */; };
		AFECC4002B1D13D7006034F0 /* EngineSchematic.swift in Sources */ = {isa = PBXBuildFile; fileRef = AFECC3FF2B1D13D7006034F0 /* EngineSchematic.swift */; };
		AFECC4022B1D1427006034F0 /* PartNumber.swift in Sources */ = {isa = PBXBuildFile; fileRef = AFECC4012B1D1427006034F0 /* PartNumber.swift */; };
		AFECC4042B1D14F2006034F0 /* Symbol.swift in Sources */ = {isa = PBXBuildFile; fileRef = AFECC4032B1D14F2006034F0 /* Symbol.swift */; };
		AFECC4052B1D15A6006034F0 /* Day3.swift in Sources */ = {isa = PBXBuildFile; fileRef = AFECC3FD2B1D1339006034F0 /* Day3.swift */; };
		AFECC4062B1D15A9006034F0 /* EngineSchematic.swift in Sources */ = {isa = PBXBuildFile; fileRef = AFECC3FF2B1D13D7006034F0 /* EngineSchematic.swift */; };
		AFECC4072B1D15AB006034F0 /* PartNumber.swift in Sources */ = {isa = PBXBuildFile; fileRef = AFECC4012B1D1427006034F0 /* PartNumber.swift */; };
		AFECC4082B1D15AE006034F0 /* Symbol.swift in Sources */ = {isa = PBXBuildFile; fileRef = AFECC4032B1D14F2006034F0 /* Symbol.swift */; };
		AFECC40A2B1D15DC006034F0 /* PartNumberTests.swift in Sources */ = {isa = PBXBuildFile; fileRef = AFECC4092B1D15DC006034F0 /* PartNumberTests.swift */; };
		AFECC40C2B1D180D006034F0 /* Int+ExtensionsTests.swift in Sources */ = {isa = PBXBuildFile; fileRef = AFECC40B2B1D180D006034F0 /* Int+ExtensionsTests.swift */; };
		AFECC40E2B1D18C1006034F0 /* Int+Extensions.swift in Sources */ = {isa = PBXBuildFile; fileRef = AFECC40D2B1D18C1006034F0 /* Int+Extensions.swift */; };
		AFECC40F2B1D196C006034F0 /* Int+Extensions.swift in Sources */ = {isa = PBXBuildFile; fileRef = AFECC40D2B1D18C1006034F0 /* Int+Extensions.swift */; };
		AFECC4112B1D30B5006034F0 /* Schema.swift in Sources */ = {isa = PBXBuildFile; fileRef = AFECC4102B1D30B5006034F0 /* Schema.swift */; };
		AFECC4132B1D31CC006034F0 /* EngineSchematicTests.swift in Sources */ = {isa = PBXBuildFile; fileRef = AFECC4122B1D31CC006034F0 /* EngineSchematicTests.swift */; };
		AFECC4142B1D32AD006034F0 /* Schema.swift in Sources */ = {isa = PBXBuildFile; fileRef = AFECC4102B1D30B5006034F0 /* Schema.swift */; };
		AFECC4162B1E33C5006034F0 /* Day3.txt in Resources */ = {isa = PBXBuildFile; fileRef = AFECC4152B1E33C5006034F0 /* Day3.txt */; };
		AFECC4182B1E3DC9006034F0 /* Gear.swift in Sources */ = {isa = PBXBuildFile; fileRef = AFECC4172B1E3DC9006034F0 /* Gear.swift */; };
		AFECC4192B1E3E0E006034F0 /* Gear.swift in Sources */ = {isa = PBXBuildFile; fileRef = AFECC4172B1E3DC9006034F0 /* Gear.swift */; };
		AFECC41D2B1E5364006034F0 /* Day4Tests.swift in Sources */ = {isa = PBXBuildFile; fileRef = AFECC41C2B1E5364006034F0 /* Day4Tests.swift */; };
		AFECC41F2B1E5374006034F0 /* Day4.swift in Sources */ = {isa = PBXBuildFile; fileRef = AFECC41E2B1E5374006034F0 /* Day4.swift */; };
		AFECC4212B1E549E006034F0 /* ScratchCard.swift in Sources */ = {isa = PBXBuildFile; fileRef = AFECC4202B1E549E006034F0 /* ScratchCard.swift */; };
		AFECC4232B1E54F8006034F0 /* ScratchCardTests.swift in Sources */ = {isa = PBXBuildFile; fileRef = AFECC4222B1E54F8006034F0 /* ScratchCardTests.swift */; };
		AFECC4242B1E551F006034F0 /* Day4.swift in Sources */ = {isa = PBXBuildFile; fileRef = AFECC41E2B1E5374006034F0 /* Day4.swift */; };
		AFECC4252B1E5522006034F0 /* ScratchCard.swift in Sources */ = {isa = PBXBuildFile; fileRef = AFECC4202B1E549E006034F0 /* ScratchCard.swift */; };
		AFECC4272B1E78B9006034F0 /* Day4.txt in Resources */ = {isa = PBXBuildFile; fileRef = AFECC4262B1E78B9006034F0 /* Day4.txt */; };
/* End PBXBuildFile section */

/* Begin PBXContainerItemProxy section */
		AF60ED712B189000001DC88B /* PBXContainerItemProxy */ = {
			isa = PBXContainerItemProxy;
			containerPortal = AFFC6DED2B17817300C04F8D /* Project object */;
			proxyType = 1;
			remoteGlobalIDString = AFFC6DF42B17817300C04F8D;
			remoteInfo = AOC2023;
		};
/* End PBXContainerItemProxy section */

/* Begin PBXCopyFilesBuildPhase section */
		AFFC6DF32B17817300C04F8D /* CopyFiles */ = {
			isa = PBXCopyFilesBuildPhase;
			buildActionMask = 2147483647;
			dstPath = /usr/share/man/man1/;
			dstSubfolderSpec = 0;
			files = (
			);
			runOnlyForDeploymentPostprocessing = 1;
		};
/* End PBXCopyFilesBuildPhase section */

/* Begin PBXFileReference section */
		AF0928482B188C9900FC0BCF /* Array+Extensions.swift */ = {isa = PBXFileReference; lastKnownFileType = sourcecode.swift; path = "Array+Extensions.swift"; sourceTree = "<group>"; };
		AF095EBC2B1F842B00255338 /* Day5Tests.swift */ = {isa = PBXFileReference; lastKnownFileType = sourcecode.swift; path = Day5Tests.swift; sourceTree = "<group>"; };
		AF095EBD2B1F844700255338 /* Day5.swift */ = {isa = PBXFileReference; lastKnownFileType = sourcecode.swift; path = Day5.swift; sourceTree = "<group>"; };
		AF095EBE2B1F864100255338 /* MRangeTests.swift */ = {isa = PBXFileReference; lastKnownFileType = sourcecode.swift; path = MRangeTests.swift; sourceTree = "<group>"; };
		AF095EC02B1F866B00255338 /* MRange.swift */ = {isa = PBXFileReference; lastKnownFileType = sourcecode.swift; path = MRange.swift; sourceTree = "<group>"; };
		AF095EC52B1F885A00255338 /* MMap.swift */ = {isa = PBXFileReference; lastKnownFileType = sourcecode.swift; path = MMap.swift; sourceTree = "<group>"; };
		AF095EC82B1F887500255338 /* MMapTests.swift */ = {isa = PBXFileReference; lastKnownFileType = sourcecode.swift; path = MMapTests.swift; sourceTree = "<group>"; };
		AF095ECA2B1F8D7400255338 /* Almanac.swift */ = {isa = PBXFileReference; lastKnownFileType = sourcecode.swift; path = Almanac.swift; sourceTree = "<group>"; };
		AF095ECC2B1F8D8900255338 /* AlmanacTests.swift */ = {isa = PBXFileReference; lastKnownFileType = sourcecode.swift; path = AlmanacTests.swift; sourceTree = "<group>"; };
		AF095ED02B1FB67F00255338 /* Day5.txt */ = {isa = PBXFileReference; lastKnownFileType = text; path = Day5.txt; sourceTree = "<group>"; };
		AF13A5CA2B2A460700B08552 /* Records.swift */ = {isa = PBXFileReference; lastKnownFileType = sourcecode.swift; path = Records.swift; sourceTree = "<group>"; };
		AF2E05EF2B27293F00B3D894 /* LandscapeTests.swift */ = {isa = PBXFileReference; lastKnownFileType = sourcecode.swift; path = LandscapeTests.swift; sourceTree = "<group>"; };
		AF60ED662B188F38001DC88B /* AOC2023Tests.xctest */ = {isa = PBXFileReference; explicitFileType = wrapper.cfbundle; includeInIndex = 0; path = AOC2023Tests.xctest; sourceTree = BUILT_PRODUCTS_DIR; };
		AF60ED6D2B188F4C001DC88B /* Array+ExtensionTests.swift */ = {isa = PBXFileReference; lastKnownFileType = sourcecode.swift; path = "Array+ExtensionTests.swift"; sourceTree = "<group>"; };
		AF6146BD2B1799D2000091C8 /* Day1.swift */ = {isa = PBXFileReference; lastKnownFileType = sourcecode.swift; path = Day1.swift; sourceTree = "<group>"; };
		AF85D0072B2FA03E000DD35B /* Day14.swift */ = {isa = PBXFileReference; lastKnownFileType = sourcecode.swift; path = Day14.swift; sourceTree = "<group>"; };
		AF85D0092B2FA05C000DD35B /* Day14Tests.swift */ = {isa = PBXFileReference; lastKnownFileType = sourcecode.swift; path = Day14Tests.swift; sourceTree = "<group>"; };
		AF85D00A2B2FA05C000DD35B /* Day14.txt */ = {isa = PBXFileReference; lastKnownFileType = text; path = Day14.txt; sourceTree = "<group>"; };
		AF85D00B2B303EF5000DD35B /* Platform.swift */ = {isa = PBXFileReference; lastKnownFileType = sourcecode.swift; path = Platform.swift; sourceTree = "<group>"; };
		AF85D00E2B303FB3000DD35B /* PlatformTests.swift */ = {isa = PBXFileReference; lastKnownFileType = sourcecode.swift; path = PlatformTests.swift; sourceTree = "<group>"; };
		AF954D2F2B2B96D300DFF3D4 /* Day13Tests.swift */ = {isa = PBXFileReference; lastKnownFileType = sourcecode.swift; path = Day13Tests.swift; sourceTree = "<group>"; };
		AF954D302B2B96D400DFF3D4 /* Day13.txt */ = {isa = PBXFileReference; lastKnownFileType = text; path = Day13.txt; sourceTree = "<group>"; };
		AF954D332B2B970A00DFF3D4 /* Day13.swift */ = {isa = PBXFileReference; lastKnownFileType = sourcecode.swift; path = Day13.swift; sourceTree = "<group>"; };
		AF954D362B2B997400DFF3D4 /* Terrain.swift */ = {isa = PBXFileReference; lastKnownFileType = sourcecode.swift; path = Terrain.swift; sourceTree = "<group>"; };
		AF954D392B2B9A5000DFF3D4 /* TerrainTests.swift */ = {isa = PBXFileReference; lastKnownFileType = sourcecode.swift; path = TerrainTests.swift; sourceTree = "<group>"; };
		AFA147EA2B23AA88006347F3 /* LeastCommonMultiplerCalculator.swift */ = {isa = PBXFileReference; lastKnownFileType = sourcecode.swift; path = LeastCommonMultiplerCalculator.swift; sourceTree = "<group>"; };
		AFA147ED2B23AA97006347F3 /* LeastCommonMultiplerCalculatorTests.swift */ = {isa = PBXFileReference; lastKnownFileType = sourcecode.swift; path = LeastCommonMultiplerCalculatorTests.swift; sourceTree = "<group>"; };
		AFA147F02B24821E006347F3 /* Day9.swift */ = {isa = PBXFileReference; lastKnownFileType = sourcecode.swift; path = Day9.swift; sourceTree = "<group>"; };
		AFA147F22B248229006347F3 /* Day9.txt */ = {isa = PBXFileReference; lastKnownFileType = text; path = Day9.txt; sourceTree = "<group>"; };
		AFA147F32B24822A006347F3 /* Day9Tests.swift */ = {isa = PBXFileReference; lastKnownFileType = sourcecode.swift; path = Day9Tests.swift; sourceTree = "<group>"; };
		AFA147F82B2483D3006347F3 /* History.swift */ = {isa = PBXFileReference; lastKnownFileType = sourcecode.swift; path = History.swift; sourceTree = "<group>"; };
		AFA147FB2B2483E0006347F3 /* HistoryTests.swift */ = {isa = PBXFileReference; lastKnownFileType = sourcecode.swift; path = HistoryTests.swift; sourceTree = "<group>"; };
		AFA147FD2B2484CD006347F3 /* Oasis.swift */ = {isa = PBXFileReference; lastKnownFileType = sourcecode.swift; path = Oasis.swift; sourceTree = "<group>"; };
		AFA148002B248541006347F3 /* OasisTests.swift */ = {isa = PBXFileReference; lastKnownFileType = sourcecode.swift; path = OasisTests.swift; sourceTree = "<group>"; };
		AFA148042B26458F006347F3 /* Day10Tests.swift */ = {isa = PBXFileReference; lastKnownFileType = sourcecode.swift; path = Day10Tests.swift; sourceTree = "<group>"; };
		AFA148052B264590006347F3 /* Day10.txt */ = {isa = PBXFileReference; lastKnownFileType = text; path = Day10.txt; sourceTree = "<group>"; };
		AFA148062B264594006347F3 /* Day10.swift */ = {isa = PBXFileReference; lastKnownFileType = sourcecode.swift; path = Day10.swift; sourceTree = "<group>"; };
		AFA148072B264648006347F3 /* Pipe.swift */ = {isa = PBXFileReference; lastKnownFileType = sourcecode.swift; path = Pipe.swift; sourceTree = "<group>"; };
		AFA4A4E92B28539C00CFC8F8 /* Landscape.swift */ = {isa = PBXFileReference; lastKnownFileType = sourcecode.swift; path = Landscape.swift; sourceTree = "<group>"; };
		AFA4A4EC2B2853B600CFC8F8 /* Tile.swift */ = {isa = PBXFileReference; lastKnownFileType = sourcecode.swift; path = Tile.swift; sourceTree = "<group>"; };
		AFA4A4EF2B2853CC00CFC8F8 /* Coordinate.swift */ = {isa = PBXFileReference; lastKnownFileType = sourcecode.swift; path = Coordinate.swift; sourceTree = "<group>"; };
		AFA4A4F22B2853E100CFC8F8 /* Direction.swift */ = {isa = PBXFileReference; lastKnownFileType = sourcecode.swift; path = Direction.swift; sourceTree = "<group>"; };
		AFA4E98F2B18A7B500126B28 /* Day1Tests.swift */ = {isa = PBXFileReference; lastKnownFileType = sourcecode.swift; path = Day1Tests.swift; sourceTree = "<group>"; };
		AFA4E9912B18AA2700126B28 /* AOC2023.xctestplan */ = {isa = PBXFileReference; lastKnownFileType = text; path = AOC2023.xctestplan; sourceTree = "<group>"; };
		AFB8DEFF2B2318410055A02B /* Network.swift */ = {isa = PBXFileReference; lastKnownFileType = sourcecode.swift; path = Network.swift; sourceTree = "<group>"; };
		AFB8DF012B231B2C0055A02B /* NodeTests.swift */ = {isa = PBXFileReference; lastKnownFileType = sourcecode.swift; path = NodeTests.swift; sourceTree = "<group>"; };
		AFB8DF042B231C340055A02B /* Day7Tests.swift */ = {isa = PBXFileReference; fileEncoding = 4; lastKnownFileType = sourcecode.swift; path = Day7Tests.swift; sourceTree = "<group>"; };
		AFB8DF052B231C340055A02B /* Day7.txt */ = {isa = PBXFileReference; fileEncoding = 4; lastKnownFileType = text; path = Day7.txt; sourceTree = "<group>"; };
		AFB8DF082B231C3C0055A02B /* Day7.swift */ = {isa = PBXFileReference; fileEncoding = 4; lastKnownFileType = sourcecode.swift; path = Day7.swift; sourceTree = "<group>"; };
		AFB8DF0B2B231E0B0055A02B /* NetworkTests.swift */ = {isa = PBXFileReference; lastKnownFileType = sourcecode.swift; path = NetworkTests.swift; sourceTree = "<group>"; };
		AFDF40902B20D7EA00C89269 /* Day6.swift */ = {isa = PBXFileReference; lastKnownFileType = sourcecode.swift; path = Day6.swift; sourceTree = "<group>"; };
		AFDF40922B20D8E600C89269 /* Day6Tests.swift */ = {isa = PBXFileReference; lastKnownFileType = sourcecode.swift; path = Day6Tests.swift; sourceTree = "<group>"; };
		AFDF40952B20D95500C89269 /* Race.swift */ = {isa = PBXFileReference; lastKnownFileType = sourcecode.swift; path = Race.swift; sourceTree = "<group>"; };
		AFDF40982B21072800C89269 /* Day6.txt */ = {isa = PBXFileReference; lastKnownFileType = text; path = Day6.txt; sourceTree = "<group>"; };
		AFDF409C2B21BBD500C89269 /* Day8Tests.swift */ = {isa = PBXFileReference; lastKnownFileType = sourcecode.swift; path = Day8Tests.swift; sourceTree = "<group>"; };
		AFDF409D2B21BBD800C89269 /* Day8.txt */ = {isa = PBXFileReference; lastKnownFileType = text; path = Day8.txt; sourceTree = "<group>"; };
		AFDF409E2B21BBF500C89269 /* Day8.swift */ = {isa = PBXFileReference; lastKnownFileType = sourcecode.swift; path = Day8.swift; sourceTree = "<group>"; };
		AFDF409F2B21BD5F00C89269 /* HandStrength.swift */ = {isa = PBXFileReference; lastKnownFileType = sourcecode.swift; path = HandStrength.swift; sourceTree = "<group>"; };
		AFDF40A22B21BD7200C89269 /* HandStrengthTests.swift */ = {isa = PBXFileReference; lastKnownFileType = sourcecode.swift; path = HandStrengthTests.swift; sourceTree = "<group>"; };
		AFDF40A42B21BDB600C89269 /* Hand.swift */ = {isa = PBXFileReference; lastKnownFileType = sourcecode.swift; path = Hand.swift; sourceTree = "<group>"; };
		AFDF40A92B21BE5300C89269 /* HandTests.swift */ = {isa = PBXFileReference; lastKnownFileType = sourcecode.swift; path = HandTests.swift; sourceTree = "<group>"; };
		AFDF40AB2B21BF3E00C89269 /* Card.swift */ = {isa = PBXFileReference; lastKnownFileType = sourcecode.swift; path = Card.swift; sourceTree = "<group>"; };
		AFE779182B28C9240054F226 /* Day11.swift */ = {isa = PBXFileReference; lastKnownFileType = sourcecode.swift; path = Day11.swift; sourceTree = "<group>"; };
		AFE779192B28C9380054F226 /* Day11.txt */ = {isa = PBXFileReference; lastKnownFileType = text; path = Day11.txt; sourceTree = "<group>"; };
		AFE7791A2B28C9380054F226 /* Day11Tests.swift */ = {isa = PBXFileReference; lastKnownFileType = sourcecode.swift; path = Day11Tests.swift; sourceTree = "<group>"; };
		AFE7791B2B28CB8D0054F226 /* Universe.swift */ = {isa = PBXFileReference; lastKnownFileType = sourcecode.swift; path = Universe.swift; sourceTree = "<group>"; };
		AFE779212B28CBB20054F226 /* UniverseTests.swift */ = {isa = PBXFileReference; lastKnownFileType = sourcecode.swift; path = UniverseTests.swift; sourceTree = "<group>"; };
		AFE7792B2B29A4920054F226 /* Day12.swift */ = {isa = PBXFileReference; lastKnownFileType = sourcecode.swift; path = Day12.swift; sourceTree = "<group>"; };
		AFE7792D2B29A4A60054F226 /* Day12Tests.swift */ = {isa = PBXFileReference; lastKnownFileType = sourcecode.swift; path = Day12Tests.swift; sourceTree = "<group>"; };
		AFE7792E2B29A4A70054F226 /* Day12.txt */ = {isa = PBXFileReference; lastKnownFileType = text; path = Day12.txt; sourceTree = "<group>"; };
		AFE779312B29A6050054F226 /* Row.swift */ = {isa = PBXFileReference; lastKnownFileType = sourcecode.swift; path = Row.swift; sourceTree = "<group>"; };
		AFE779342B29A6330054F226 /* Spring.swift */ = {isa = PBXFileReference; lastKnownFileType = sourcecode.swift; path = Spring.swift; sourceTree = "<group>"; };
		AFE779372B29A6850054F226 /* RowTests.swift */ = {isa = PBXFileReference; lastKnownFileType = sourcecode.swift; path = RowTests.swift; sourceTree = "<group>"; };
		AFE779392B29A8BE0054F226 /* Status.swift */ = {isa = PBXFileReference; lastKnownFileType = sourcecode.swift; path = Status.swift; sourceTree = "<group>"; };
		AFECC3D72B1A3842006034F0 /* TestHelpers.swift */ = {isa = PBXFileReference; lastKnownFileType = sourcecode.swift; path = TestHelpers.swift; sourceTree = "<group>"; };
		AFECC3D92B1A3BF1006034F0 /* Day1Input.txt */ = {isa = PBXFileReference; lastKnownFileType = text; path = Day1Input.txt; sourceTree = "<group>"; };
		AFECC3DC2B1B9A2F006034F0 /* String+ExtensionsTests.swift */ = {isa = PBXFileReference; lastKnownFileType = sourcecode.swift; path = "String+ExtensionsTests.swift"; sourceTree = "<group>"; };
		AFECC3DE2B1B9AFE006034F0 /* String+Extensions.swift */ = {isa = PBXFileReference; lastKnownFileType = sourcecode.swift; path = "String+Extensions.swift"; sourceTree = "<group>"; };
		AFECC3E22B1BA5CC006034F0 /* Day2Tests.swift */ = {isa = PBXFileReference; lastKnownFileType = sourcecode.swift; path = Day2Tests.swift; sourceTree = "<group>"; };
		AFECC3E42B1BA5D5006034F0 /* Day2.swift */ = {isa = PBXFileReference; lastKnownFileType = sourcecode.swift; path = Day2.swift; sourceTree = "<group>"; };
		AFECC3E82B1BAAFA006034F0 /* RecordTests.swift */ = {isa = PBXFileReference; lastKnownFileType = sourcecode.swift; path = RecordTests.swift; sourceTree = "<group>"; };
		AFECC3EC2B1BAB20006034F0 /* Record.swift */ = {isa = PBXFileReference; lastKnownFileType = sourcecode.swift; path = Record.swift; sourceTree = "<group>"; };
		AFECC3EE2B1BAB72006034F0 /* Game.swift */ = {isa = PBXFileReference; lastKnownFileType = sourcecode.swift; path = Game.swift; sourceTree = "<group>"; };
		AFECC3F22B1BAC94006034F0 /* GameTests.swift */ = {isa = PBXFileReference; lastKnownFileType = sourcecode.swift; path = GameTests.swift; sourceTree = "<group>"; };
		AFECC3F42B1BB528006034F0 /* Day2Input.txt */ = {isa = PBXFileReference; lastKnownFileType = text; path = Day2Input.txt; sourceTree = "<group>"; };
		AFECC3F72B1D11C9006034F0 /* main.swift */ = {isa = PBXFileReference; fileEncoding = 4; lastKnownFileType = sourcecode.swift; path = main.swift; sourceTree = "<group>"; };
		AFECC3FB2B1D127A006034F0 /* Day3Tests.swift */ = {isa = PBXFileReference; lastKnownFileType = sourcecode.swift; path = Day3Tests.swift; sourceTree = "<group>"; };
		AFECC3FD2B1D1339006034F0 /* Day3.swift */ = {isa = PBXFileReference; lastKnownFileType = sourcecode.swift; path = Day3.swift; sourceTree = "<group>"; };
		AFECC3FF2B1D13D7006034F0 /* EngineSchematic.swift */ = {isa = PBXFileReference; lastKnownFileType = sourcecode.swift; path = EngineSchematic.swift; sourceTree = "<group>"; };
		AFECC4012B1D1427006034F0 /* PartNumber.swift */ = {isa = PBXFileReference; lastKnownFileType = sourcecode.swift; path = PartNumber.swift; sourceTree = "<group>"; };
		AFECC4032B1D14F2006034F0 /* Symbol.swift */ = {isa = PBXFileReference; lastKnownFileType = sourcecode.swift; path = Symbol.swift; sourceTree = "<group>"; };
		AFECC4092B1D15DC006034F0 /* PartNumberTests.swift */ = {isa = PBXFileReference; lastKnownFileType = sourcecode.swift; path = PartNumberTests.swift; sourceTree = "<group>"; };
		AFECC40B2B1D180D006034F0 /* Int+ExtensionsTests.swift */ = {isa = PBXFileReference; lastKnownFileType = sourcecode.swift; path = "Int+ExtensionsTests.swift"; sourceTree = "<group>"; };
		AFECC40D2B1D18C1006034F0 /* Int+Extensions.swift */ = {isa = PBXFileReference; lastKnownFileType = sourcecode.swift; path = "Int+Extensions.swift"; sourceTree = "<group>"; };
		AFECC4102B1D30B5006034F0 /* Schema.swift */ = {isa = PBXFileReference; lastKnownFileType = sourcecode.swift; path = Schema.swift; sourceTree = "<group>"; };
		AFECC4122B1D31CC006034F0 /* EngineSchematicTests.swift */ = {isa = PBXFileReference; lastKnownFileType = sourcecode.swift; path = EngineSchematicTests.swift; sourceTree = "<group>"; };
		AFECC4152B1E33C5006034F0 /* Day3.txt */ = {isa = PBXFileReference; lastKnownFileType = text; path = Day3.txt; sourceTree = "<group>"; };
		AFECC4172B1E3DC9006034F0 /* Gear.swift */ = {isa = PBXFileReference; lastKnownFileType = sourcecode.swift; path = Gear.swift; sourceTree = "<group>"; };
		AFECC41C2B1E5364006034F0 /* Day4Tests.swift */ = {isa = PBXFileReference; lastKnownFileType = sourcecode.swift; path = Day4Tests.swift; sourceTree = "<group>"; };
		AFECC41E2B1E5374006034F0 /* Day4.swift */ = {isa = PBXFileReference; lastKnownFileType = sourcecode.swift; path = Day4.swift; sourceTree = "<group>"; };
		AFECC4202B1E549E006034F0 /* ScratchCard.swift */ = {isa = PBXFileReference; lastKnownFileType = sourcecode.swift; path = ScratchCard.swift; sourceTree = "<group>"; };
		AFECC4222B1E54F8006034F0 /* ScratchCardTests.swift */ = {isa = PBXFileReference; lastKnownFileType = sourcecode.swift; path = ScratchCardTests.swift; sourceTree = "<group>"; };
		AFECC4262B1E78B9006034F0 /* Day4.txt */ = {isa = PBXFileReference; lastKnownFileType = text; path = Day4.txt; sourceTree = "<group>"; };
		AFFC6DF52B17817300C04F8D /* AOC2023 */ = {isa = PBXFileReference; explicitFileType = "compiled.mach-o.executable"; includeInIndex = 0; path = AOC2023; sourceTree = BUILT_PRODUCTS_DIR; };
/* End PBXFileReference section */

/* Begin PBXFrameworksBuildPhase section */
		AF60ED632B188F38001DC88B /* Frameworks */ = {
			isa = PBXFrameworksBuildPhase;
			buildActionMask = 2147483647;
			files = (
				AFE779282B2908DC0054F226 /* Algorithms in Frameworks */,
			);
			runOnlyForDeploymentPostprocessing = 0;
		};
		AFFC6DF22B17817300C04F8D /* Frameworks */ = {
			isa = PBXFrameworksBuildPhase;
			buildActionMask = 2147483647;
			files = (
				AFE779252B2908620054F226 /* Algorithms in Frameworks */,
			);
			runOnlyForDeploymentPostprocessing = 0;
		};
/* End PBXFrameworksBuildPhase section */

/* Begin PBXGroup section */
		AF095EBA2B1F841200255338 /* Day5 */ = {
			isa = PBXGroup;
			children = (
				AF095EBD2B1F844700255338 /* Day5.swift */,
				AF095EC02B1F866B00255338 /* MRange.swift */,
				AF095EC52B1F885A00255338 /* MMap.swift */,
				AF095ECA2B1F8D7400255338 /* Almanac.swift */,
			);
			path = Day5;
			sourceTree = "<group>";
		};
		AF095EBB2B1F841900255338 /* Day5 */ = {
			isa = PBXGroup;
			children = (
				AF095EBC2B1F842B00255338 /* Day5Tests.swift */,
				AF095EBE2B1F864100255338 /* MRangeTests.swift */,
				AF095EC82B1F887500255338 /* MMapTests.swift */,
				AF095ECC2B1F8D8900255338 /* AlmanacTests.swift */,
				AF095ED02B1FB67F00255338 /* Day5.txt */,
			);
			path = Day5;
			sourceTree = "<group>";
		};
		AF60ED672B188F38001DC88B /* AOC2023Tests */ = {
			isa = PBXGroup;
			children = (
				AF85D0082B2FA053000DD35B /* Day14Tests */,
				AF954D2E2B2B96CF00DFF3D4 /* Day13 */,
				AFE7792C2B29A4A20054F226 /* Day12 */,
				AFE779172B28C91F0054F226 /* Day11 */,
				AFA148032B26458A006347F3 /* Day10 */,
				AFA147F12B248222006347F3 /* Day9 */,
				AFB8DEFE2B2316080055A02B /* Day8 */,
				AFDF409B2B21BBD000C89269 /* Day7 */,
				AFDF408F2B20D7DD00C89269 /* Day6 */,
				AF095EBB2B1F841900255338 /* Day5 */,
				AFECC41B2B1E5356006034F0 /* Day4 */,
				AFECC3FA2B1D1261006034F0 /* Day3 */,
				AFECC3E12B1BA5BB006034F0 /* Day2 */,
				AFECC3DB2B1B6DAE006034F0 /* Day1 */,
				AF60ED6D2B188F4C001DC88B /* Array+ExtensionTests.swift */,
				AFECC3D72B1A3842006034F0 /* TestHelpers.swift */,
				AFECC3DC2B1B9A2F006034F0 /* String+ExtensionsTests.swift */,
				AFECC40B2B1D180D006034F0 /* Int+ExtensionsTests.swift */,
			);
			path = AOC2023Tests;
			sourceTree = "<group>";
		};
		AF85D0062B2FA034000DD35B /* Day14 */ = {
			isa = PBXGroup;
			children = (
				AF85D0072B2FA03E000DD35B /* Day14.swift */,
				AF85D00B2B303EF5000DD35B /* Platform.swift */,
			);
			path = Day14;
			sourceTree = "<group>";
		};
		AF85D0082B2FA053000DD35B /* Day14Tests */ = {
			isa = PBXGroup;
			children = (
				AF85D0092B2FA05C000DD35B /* Day14Tests.swift */,
				AF85D00A2B2FA05C000DD35B /* Day14.txt */,
				AF85D00E2B303FB3000DD35B /* PlatformTests.swift */,
			);
			path = Day14Tests;
			sourceTree = "<group>";
		};
		AF954D2D2B2B96C800DFF3D4 /* Day13 */ = {
			isa = PBXGroup;
			children = (
				AF954D332B2B970A00DFF3D4 /* Day13.swift */,
				AF954D362B2B997400DFF3D4 /* Terrain.swift */,
			);
			path = Day13;
			sourceTree = "<group>";
		};
		AF954D2E2B2B96CF00DFF3D4 /* Day13 */ = {
			isa = PBXGroup;
			children = (
				AF954D2F2B2B96D300DFF3D4 /* Day13Tests.swift */,
				AF954D302B2B96D400DFF3D4 /* Day13.txt */,
				AF954D392B2B9A5000DFF3D4 /* TerrainTests.swift */,
			);
			path = Day13;
			sourceTree = "<group>";
		};
		AFA147EF2B24820C006347F3 /* Day9 */ = {
			isa = PBXGroup;
			children = (
				AFA147F02B24821E006347F3 /* Day9.swift */,
				AFA147F82B2483D3006347F3 /* History.swift */,
				AFA147FD2B2484CD006347F3 /* Oasis.swift */,
			);
			path = Day9;
			sourceTree = "<group>";
		};
		AFA147F12B248222006347F3 /* Day9 */ = {
			isa = PBXGroup;
			children = (
				AFA147F32B24822A006347F3 /* Day9Tests.swift */,
				AFA147F22B248229006347F3 /* Day9.txt */,
				AFA147FB2B2483E0006347F3 /* HistoryTests.swift */,
				AFA148002B248541006347F3 /* OasisTests.swift */,
			);
			path = Day9;
			sourceTree = "<group>";
		};
		AFA148022B264584006347F3 /* Day10 */ = {
			isa = PBXGroup;
			children = (
				AFA148062B264594006347F3 /* Day10.swift */,
				AFA148072B264648006347F3 /* Pipe.swift */,
				AFA4A4E92B28539C00CFC8F8 /* Landscape.swift */,
				AFA4A4EC2B2853B600CFC8F8 /* Tile.swift */,
				AFA4A4EF2B2853CC00CFC8F8 /* Coordinate.swift */,
				AFA4A4F22B2853E100CFC8F8 /* Direction.swift */,
			);
			path = Day10;
			sourceTree = "<group>";
		};
		AFA148032B26458A006347F3 /* Day10 */ = {
			isa = PBXGroup;
			children = (
				AFA148042B26458F006347F3 /* Day10Tests.swift */,
				AFA148052B264590006347F3 /* Day10.txt */,
				AF2E05EF2B27293F00B3D894 /* LandscapeTests.swift */,
			);
			path = Day10;
			sourceTree = "<group>";
		};
		AFB8DEFD2B2316010055A02B /* Day8 */ = {
			isa = PBXGroup;
			children = (
				AFDF409E2B21BBF500C89269 /* Day8.swift */,
				AFB8DEFF2B2318410055A02B /* Network.swift */,
				AFA147EA2B23AA88006347F3 /* LeastCommonMultiplerCalculator.swift */,
			);
			path = Day8;
			sourceTree = "<group>";
		};
		AFB8DEFE2B2316080055A02B /* Day8 */ = {
			isa = PBXGroup;
			children = (
				AFDF409C2B21BBD500C89269 /* Day8Tests.swift */,
				AFDF409D2B21BBD800C89269 /* Day8.txt */,
				AFB8DF012B231B2C0055A02B /* NodeTests.swift */,
				AFB8DF0B2B231E0B0055A02B /* NetworkTests.swift */,
				AFA147ED2B23AA97006347F3 /* LeastCommonMultiplerCalculatorTests.swift */,
			);
			path = Day8;
			sourceTree = "<group>";
		};
		AFDF408E2B20D7D600C89269 /* Day6 */ = {
			isa = PBXGroup;
			children = (
				AFDF40902B20D7EA00C89269 /* Day6.swift */,
				AFDF40952B20D95500C89269 /* Race.swift */,
			);
			path = Day6;
			sourceTree = "<group>";
		};
		AFDF408F2B20D7DD00C89269 /* Day6 */ = {
			isa = PBXGroup;
			children = (
				AFDF40922B20D8E600C89269 /* Day6Tests.swift */,
				AFDF40982B21072800C89269 /* Day6.txt */,
			);
			path = Day6;
			sourceTree = "<group>";
		};
		AFDF409A2B21BBCB00C89269 /* Day7 */ = {
			isa = PBXGroup;
			children = (
				AFB8DF082B231C3C0055A02B /* Day7.swift */,
				AFDF409F2B21BD5F00C89269 /* HandStrength.swift */,
				AFDF40A42B21BDB600C89269 /* Hand.swift */,
				AFDF40AB2B21BF3E00C89269 /* Card.swift */,
			);
			path = Day7;
			sourceTree = "<group>";
		};
		AFDF409B2B21BBD000C89269 /* Day7 */ = {
			isa = PBXGroup;
			children = (
				AFB8DF052B231C340055A02B /* Day7.txt */,
				AFB8DF042B231C340055A02B /* Day7Tests.swift */,
				AFDF40A22B21BD7200C89269 /* HandStrengthTests.swift */,
				AFDF40A92B21BE5300C89269 /* HandTests.swift */,
			);
			path = Day7;
			sourceTree = "<group>";
		};
		AFE779162B28C9190054F226 /* Day11 */ = {
			isa = PBXGroup;
			children = (
				AFE779182B28C9240054F226 /* Day11.swift */,
				AFE7791B2B28CB8D0054F226 /* Universe.swift */,
			);
			path = Day11;
			sourceTree = "<group>";
		};
		AFE779172B28C91F0054F226 /* Day11 */ = {
			isa = PBXGroup;
			children = (
				AFE7791A2B28C9380054F226 /* Day11Tests.swift */,
				AFE779192B28C9380054F226 /* Day11.txt */,
				AFE779212B28CBB20054F226 /* UniverseTests.swift */,
			);
			path = Day11;
			sourceTree = "<group>";
		};
		AFE779262B2908DC0054F226 /* Frameworks */ = {
			isa = PBXGroup;
			children = (
			);
			name = Frameworks;
			sourceTree = "<group>";
		};
		AFE7792A2B29A48B0054F226 /* Day12 */ = {
			isa = PBXGroup;
			children = (
				AFE7792B2B29A4920054F226 /* Day12.swift */,
				AFE779312B29A6050054F226 /* Row.swift */,
				AFE779342B29A6330054F226 /* Spring.swift */,
				AFE779392B29A8BE0054F226 /* Status.swift */,
				AF13A5CA2B2A460700B08552 /* Records.swift */,
			);
			path = Day12;
			sourceTree = "<group>";
		};
		AFE7792C2B29A4A20054F226 /* Day12 */ = {
			isa = PBXGroup;
			children = (
				AFE7792D2B29A4A60054F226 /* Day12Tests.swift */,
				AFE7792E2B29A4A70054F226 /* Day12.txt */,
				AFE779372B29A6850054F226 /* RowTests.swift */,
			);
			path = Day12;
			sourceTree = "<group>";
		};
		AFECC3DB2B1B6DAE006034F0 /* Day1 */ = {
			isa = PBXGroup;
			children = (
				AFA4E98F2B18A7B500126B28 /* Day1Tests.swift */,
				AFECC3D92B1A3BF1006034F0 /* Day1Input.txt */,
			);
			path = Day1;
			sourceTree = "<group>";
		};
		AFECC3E12B1BA5BB006034F0 /* Day2 */ = {
			isa = PBXGroup;
			children = (
				AFECC3F42B1BB528006034F0 /* Day2Input.txt */,
				AFECC3E82B1BAAFA006034F0 /* RecordTests.swift */,
				AFECC3F22B1BAC94006034F0 /* GameTests.swift */,
				AFECC3E22B1BA5CC006034F0 /* Day2Tests.swift */,
			);
			path = Day2;
			sourceTree = "<group>";
		};
		AFECC3EA2B1BAB02006034F0 /* Day2 */ = {
			isa = PBXGroup;
			children = (
				AFECC3EC2B1BAB20006034F0 /* Record.swift */,
				AFECC3EE2B1BAB72006034F0 /* Game.swift */,
				AFECC3E42B1BA5D5006034F0 /* Day2.swift */,
			);
			path = Day2;
			sourceTree = "<group>";
		};
		AFECC3F62B1D114A006034F0 /* Day1 */ = {
			isa = PBXGroup;
			children = (
				AF6146BD2B1799D2000091C8 /* Day1.swift */,
			);
			path = Day1;
			sourceTree = "<group>";
		};
		AFECC3F92B1D125B006034F0 /* Day3 */ = {
			isa = PBXGroup;
			children = (
				AFECC3FD2B1D1339006034F0 /* Day3.swift */,
				AFECC3FF2B1D13D7006034F0 /* EngineSchematic.swift */,
				AFECC4012B1D1427006034F0 /* PartNumber.swift */,
				AFECC4032B1D14F2006034F0 /* Symbol.swift */,
				AFECC4102B1D30B5006034F0 /* Schema.swift */,
				AFECC4172B1E3DC9006034F0 /* Gear.swift */,
			);
			path = Day3;
			sourceTree = "<group>";
		};
		AFECC3FA2B1D1261006034F0 /* Day3 */ = {
			isa = PBXGroup;
			children = (
				AFECC3FB2B1D127A006034F0 /* Day3Tests.swift */,
				AFECC4092B1D15DC006034F0 /* PartNumberTests.swift */,
				AFECC4122B1D31CC006034F0 /* EngineSchematicTests.swift */,
				AFECC4152B1E33C5006034F0 /* Day3.txt */,
			);
			path = Day3;
			sourceTree = "<group>";
		};
		AFECC41A2B1E5350006034F0 /* Day4 */ = {
			isa = PBXGroup;
			children = (
				AFECC41E2B1E5374006034F0 /* Day4.swift */,
				AFECC4202B1E549E006034F0 /* ScratchCard.swift */,
			);
			path = Day4;
			sourceTree = "<group>";
		};
		AFECC41B2B1E5356006034F0 /* Day4 */ = {
			isa = PBXGroup;
			children = (
				AFECC41C2B1E5364006034F0 /* Day4Tests.swift */,
				AFECC4222B1E54F8006034F0 /* ScratchCardTests.swift */,
				AFECC4262B1E78B9006034F0 /* Day4.txt */,
			);
			path = Day4;
			sourceTree = "<group>";
		};
		AFFC6DEC2B17817300C04F8D = {
			isa = PBXGroup;
			children = (
				AFA4E9912B18AA2700126B28 /* AOC2023.xctestplan */,
				AFFC6DF72B17817300C04F8D /* AOC2023 */,
				AF60ED672B188F38001DC88B /* AOC2023Tests */,
				AFFC6DF62B17817300C04F8D /* Products */,
				AFE779262B2908DC0054F226 /* Frameworks */,
			);
			sourceTree = "<group>";
		};
		AFFC6DF62B17817300C04F8D /* Products */ = {
			isa = PBXGroup;
			children = (
				AFFC6DF52B17817300C04F8D /* AOC2023 */,
				AF60ED662B188F38001DC88B /* AOC2023Tests.xctest */,
			);
			name = Products;
			sourceTree = "<group>";
		};
		AFFC6DF72B17817300C04F8D /* AOC2023 */ = {
			isa = PBXGroup;
			children = (
				AF85D0062B2FA034000DD35B /* Day14 */,
				AF954D2D2B2B96C800DFF3D4 /* Day13 */,
				AFE7792A2B29A48B0054F226 /* Day12 */,
				AFE779162B28C9190054F226 /* Day11 */,
				AFA148022B264584006347F3 /* Day10 */,
				AFA147EF2B24820C006347F3 /* Day9 */,
				AFB8DEFD2B2316010055A02B /* Day8 */,
				AFDF409A2B21BBCB00C89269 /* Day7 */,
				AFDF408E2B20D7D600C89269 /* Day6 */,
				AF095EBA2B1F841200255338 /* Day5 */,
				AFECC41A2B1E5350006034F0 /* Day4 */,
				AFECC3F92B1D125B006034F0 /* Day3 */,
				AFECC3F72B1D11C9006034F0 /* main.swift */,
				AFECC3F62B1D114A006034F0 /* Day1 */,
				AFECC3EA2B1BAB02006034F0 /* Day2 */,
				AF0928482B188C9900FC0BCF /* Array+Extensions.swift */,
				AFECC3DE2B1B9AFE006034F0 /* String+Extensions.swift */,
				AFECC40D2B1D18C1006034F0 /* Int+Extensions.swift */,
			);
			path = AOC2023;
			sourceTree = "<group>";
		};
/* End PBXGroup section */

/* Begin PBXNativeTarget section */
		AF60ED652B188F38001DC88B /* AOC2023Tests */ = {
			isa = PBXNativeTarget;
			buildConfigurationList = AF60ED6C2B188F38001DC88B /* Build configuration list for PBXNativeTarget "AOC2023Tests" */;
			buildPhases = (
				AF60ED622B188F38001DC88B /* Sources */,
				AF60ED632B188F38001DC88B /* Frameworks */,
				AF60ED642B188F38001DC88B /* Resources */,
			);
			buildRules = (
			);
			dependencies = (
				AF60ED722B189000001DC88B /* PBXTargetDependency */,
			);
			name = AOC2023Tests;
			packageProductDependencies = (
				AFE779272B2908DC0054F226 /* Algorithms */,
			);
			productName = AOC2023Tests;
			productReference = AF60ED662B188F38001DC88B /* AOC2023Tests.xctest */;
			productType = "com.apple.product-type.bundle.unit-test";
		};
		AFFC6DF42B17817300C04F8D /* AOC2023 */ = {
			isa = PBXNativeTarget;
			buildConfigurationList = AFFC6DFC2B17817300C04F8D /* Build configuration list for PBXNativeTarget "AOC2023" */;
			buildPhases = (
				AFFC6DF12B17817300C04F8D /* Sources */,
				AFFC6DF22B17817300C04F8D /* Frameworks */,
				AFFC6DF32B17817300C04F8D /* CopyFiles */,
			);
			buildRules = (
			);
			dependencies = (
			);
			name = AOC2023;
			packageProductDependencies = (
				AFE779242B2908620054F226 /* Algorithms */,
			);
			productName = AOC2023;
			productReference = AFFC6DF52B17817300C04F8D /* AOC2023 */;
			productType = "com.apple.product-type.tool";
		};
/* End PBXNativeTarget section */

/* Begin PBXProject section */
		AFFC6DED2B17817300C04F8D /* Project object */ = {
			isa = PBXProject;
			attributes = {
				BuildIndependentTargetsInParallel = 1;
				LastSwiftUpdateCheck = 1500;
				LastUpgradeCheck = 1500;
				TargetAttributes = {
					AF60ED652B188F38001DC88B = {
						CreatedOnToolsVersion = 15.0.1;
					};
					AFFC6DF42B17817300C04F8D = {
						CreatedOnToolsVersion = 15.0.1;
					};
				};
			};
			buildConfigurationList = AFFC6DF02B17817300C04F8D /* Build configuration list for PBXProject "AOC2023" */;
			compatibilityVersion = "Xcode 14.0";
			developmentRegion = en;
			hasScannedForEncodings = 0;
			knownRegions = (
				en,
				Base,
			);
			mainGroup = AFFC6DEC2B17817300C04F8D;
			packageReferences = (
				AFE779232B2908620054F226 /* XCRemoteSwiftPackageReference "swift-algorithms" */,
			);
			productRefGroup = AFFC6DF62B17817300C04F8D /* Products */;
			projectDirPath = "";
			projectRoot = "";
			targets = (
				AFFC6DF42B17817300C04F8D /* AOC2023 */,
				AF60ED652B188F38001DC88B /* AOC2023Tests */,
			);
		};
/* End PBXProject section */

/* Begin PBXResourcesBuildPhase section */
		AF60ED642B188F38001DC88B /* Resources */ = {
			isa = PBXResourcesBuildPhase;
			buildActionMask = 2147483647;
			files = (
				AFA4A4E82B27B69700CFC8F8 /* Day10.txt in Resources */,
				AF095ED12B1FB67F00255338 /* Day5.txt in Resources */,
				AFECC4272B1E78B9006034F0 /* Day4.txt in Resources */,
				AF954D322B2B96ED00DFF3D4 /* Day13.txt in Resources */,
				AF85D0132B305C91000DD35B /* Day14.txt in Resources */,
				AFDF40992B21072800C89269 /* Day6.txt in Resources */,
				AFB8DF072B231C340055A02B /* Day7.txt in Resources */,
				AFE779292B290E6A0054F226 /* Day11.txt in Resources */,
				AFECC3DA2B1A3BF1006034F0 /* Day1Input.txt in Resources */,
				AFA147F72B248285006347F3 /* Day9.txt in Resources */,
				AF13A5CD2B2A490600B08552 /* Day12.txt in Resources */,
				AF1C96CC2B21F04D00599156 /* Day8.txt in Resources */,
				AFECC3F52B1BB528006034F0 /* Day2Input.txt in Resources */,
				AFECC4162B1E33C5006034F0 /* Day3.txt in Resources */,
			);
			runOnlyForDeploymentPostprocessing = 0;
		};
/* End PBXResourcesBuildPhase section */

/* Begin PBXSourcesBuildPhase section */
		AF60ED622B188F38001DC88B /* Sources */ = {
			isa = PBXSourcesBuildPhase;
			buildActionMask = 2147483647;
			files = (
				AF13A5CC2B2A48EC00B08552 /* Records.swift in Sources */,
				AFA4E9922B18AD3900126B28 /* Day1.swift in Sources */,
				AFA4A4F42B2853E100CFC8F8 /* Direction.swift in Sources */,
				AF095EC32B1F86C700255338 /* Day5.swift in Sources */,
				AFA147FA2B2483D3006347F3 /* History.swift in Sources */,
				AFA148092B264648006347F3 /* Pipe.swift in Sources */,
				AFB8DF032B231B320055A02B /* Network.swift in Sources */,
				AFA4A4F12B2853CC00CFC8F8 /* Coordinate.swift in Sources */,
				AF954D352B2B971000DFF3D4 /* Day13.swift in Sources */,
				AFECC4052B1D15A6006034F0 /* Day3.swift in Sources */,
				AF13A5C92B2A45A900B08552 /* Day12Tests.swift in Sources */,
				AFECC3E02B1B9BB7006034F0 /* String+Extensions.swift in Sources */,
				AFECC3E92B1BAAFA006034F0 /* RecordTests.swift in Sources */,
				AFE7791D2B28CB8D0054F226 /* Universe.swift in Sources */,
				AFB8DF0A2B231C470055A02B /* Day7.swift in Sources */,
				AFECC3D82B1A3842006034F0 /* TestHelpers.swift in Sources */,
				AFECC4132B1D31CC006034F0 /* EngineSchematicTests.swift in Sources */,
				AFB8DF062B231C340055A02B /* Day7Tests.swift in Sources */,
				AF095ECD2B1F8D8900255338 /* AlmanacTests.swift in Sources */,
				AFDF40A82B21BE1800C89269 /* Hand.swift in Sources */,
				AFECC4082B1D15AE006034F0 /* Symbol.swift in Sources */,
				AFA147EC2B23AA88006347F3 /* LeastCommonMultiplerCalculator.swift in Sources */,
				AFA147F62B248280006347F3 /* Day9Tests.swift in Sources */,
				AFE7791F2B28CB9F0054F226 /* Day11.swift in Sources */,
				AFECC40A2B1D15DC006034F0 /* PartNumberTests.swift in Sources */,
				AFA147FC2B2483E0006347F3 /* HistoryTests.swift in Sources */,
				AFE7792F2B29A4A90054F226 /* Day12.swift in Sources */,
				AFDF40A32B21BD7200C89269 /* HandStrengthTests.swift in Sources */,
				AFB8DF0C2B231E0B0055A02B /* NetworkTests.swift in Sources */,
				AFECC41D2B1E5364006034F0 /* Day4Tests.swift in Sources */,
				AF60ED6E2B188F4C001DC88B /* Array+ExtensionTests.swift in Sources */,
				AFE779222B28CBB20054F226 /* UniverseTests.swift in Sources */,
				AF095ECF2B1FB5EC00255338 /* Day5Tests.swift in Sources */,
				AFA1480B2B26470B006347F3 /* Day10.swift in Sources */,
				AF85D00F2B303FB3000DD35B /* PlatformTests.swift in Sources */,
				AFB8DF022B231B2C0055A02B /* NodeTests.swift in Sources */,
				AFECC4252B1E5522006034F0 /* ScratchCard.swift in Sources */,
				AFDF40AA2B21BE5300C89269 /* HandTests.swift in Sources */,
				AFECC3F32B1BAC94006034F0 /* GameTests.swift in Sources */,
				AF85D0122B305C8E000DD35B /* Day14Tests.swift in Sources */,
				AF2E05F02B27293F00B3D894 /* LandscapeTests.swift in Sources */,
				AFDF40A72B21BE1100C89269 /* Day8.swift in Sources */,
				AFECC4062B1D15A9006034F0 /* EngineSchematic.swift in Sources */,
				AFA4E9902B18A7B500126B28 /* Day1Tests.swift in Sources */,
				AFECC3F02B1BABE4006034F0 /* Record.swift in Sources */,
				AF095ECE2B1F8F4F00255338 /* Almanac.swift in Sources */,
				AF095EC72B1F886800255338 /* MMap.swift in Sources */,
				AFECC3F12B1BABE7006034F0 /* Game.swift in Sources */,
				AFECC3E32B1BA5CC006034F0 /* Day2Tests.swift in Sources */,
				AFE779202B28CBA50054F226 /* Day11Tests.swift in Sources */,
				AFDF40A12B21BD6300C89269 /* HandStrength.swift in Sources */,
				AF954D3A2B2B9A5000DFF3D4 /* TerrainTests.swift in Sources */,
				AFA147EE2B23AA97006347F3 /* LeastCommonMultiplerCalculatorTests.swift in Sources */,
				AF095EC22B1F86BB00255338 /* MRange.swift in Sources */,
				AFE779382B29A6850054F226 /* RowTests.swift in Sources */,
				AF85D0112B304012000DD35B /* Day14.swift in Sources */,
				AFECC4232B1E54F8006034F0 /* ScratchCardTests.swift in Sources */,
				AFECC3DD2B1B9A2F006034F0 /* String+ExtensionsTests.swift in Sources */,
				AFECC40C2B1D180D006034F0 /* Int+ExtensionsTests.swift in Sources */,
				AF095EC92B1F887500255338 /* MMapTests.swift in Sources */,
				AFE779332B29A6050054F226 /* Row.swift in Sources */,
				AF095EBF2B1F864100255338 /* MRangeTests.swift in Sources */,
				AF954D382B2B997400DFF3D4 /* Terrain.swift in Sources */,
				AFE7793B2B29A8BE0054F226 /* Status.swift in Sources */,
				AFECC3E62B1BA762006034F0 /* Day2.swift in Sources */,
				AF954D312B2B96EA00DFF3D4 /* Day13Tests.swift in Sources */,
				AFECC3FC2B1D127A006034F0 /* Day3Tests.swift in Sources */,
				AFECC40F2B1D196C006034F0 /* Int+Extensions.swift in Sources */,
				AFDF40972B20D95F00C89269 /* Race.swift in Sources */,
				AFDF40AD2B21C11B00C89269 /* Card.swift in Sources */,
				AFA148012B248541006347F3 /* OasisTests.swift in Sources */,
				AFECC4192B1E3E0E006034F0 /* Gear.swift in Sources */,
				AFA4A4EB2B28539C00CFC8F8 /* Landscape.swift in Sources */,
				AF60ED742B18913A001DC88B /* Array+Extensions.swift in Sources */,
				AF85D00D2B303EF5000DD35B /* Platform.swift in Sources */,
				AFDF40932B20D8E600C89269 /* Day6Tests.swift in Sources */,
				AFA4A4E72B27B66E00CFC8F8 /* Day10Tests.swift in Sources */,
				AFA4A4EE2B2853B600CFC8F8 /* Tile.swift in Sources */,
				AFA147FF2B2484CD006347F3 /* Oasis.swift in Sources */,
				AFECC4142B1D32AD006034F0 /* Schema.swift in Sources */,
				AFDF40942B20D8F700C89269 /* Day6.swift in Sources */,
				AFECC4242B1E551F006034F0 /* Day4.swift in Sources */,
				AFE779362B29A6330054F226 /* Spring.swift in Sources */,
				AF1C96CB2B21F03D00599156 /* Day8Tests.swift in Sources */,
				AFA147F52B24827C006347F3 /* Day9.swift in Sources */,
				AFECC4072B1D15AB006034F0 /* PartNumber.swift in Sources */,
			);
			runOnlyForDeploymentPostprocessing = 0;
		};
		AFFC6DF12B17817300C04F8D /* Sources */ = {
			isa = PBXSourcesBuildPhase;
			buildActionMask = 2147483647;
			files = (
				AFDF40962B20D95500C89269 /* Race.swift in Sources */,
				AFECC4182B1E3DC9006034F0 /* Gear.swift in Sources */,
				AFB8DF092B231C3C0055A02B /* Day7.swift in Sources */,
				AF13A5CB2B2A460700B08552 /* Records.swift in Sources */,
				AFECC41F2B1E5374006034F0 /* Day4.swift in Sources */,
				AFE779302B29A4AA0054F226 /* Day12.swift in Sources */,
				AF095EC12B1F866B00255338 /* MRange.swift in Sources */,
				AFA147FE2B2484CD006347F3 /* Oasis.swift in Sources */,
				AFE7791E2B28CB9F0054F226 /* Day11.swift in Sources */,
				AFECC3DF2B1B9AFE006034F0 /* String+Extensions.swift in Sources */,
				AF095EC62B1F885A00255338 /* MMap.swift in Sources */,
				AFDF40A62B21BE1100C89269 /* Day8.swift in Sources */,
				AFECC3F82B1D11C9006034F0 /* main.swift in Sources */,
				AFA4A4EA2B28539C00CFC8F8 /* Landscape.swift in Sources */,
				AF85D0102B304011000DD35B /* Day14.swift in Sources */,
				AFECC3E52B1BA5D5006034F0 /* Day2.swift in Sources */,
				AFA1480A2B26470A006347F3 /* Day10.swift in Sources */,
				AF954D372B2B997400DFF3D4 /* Terrain.swift in Sources */,
				AFE7793A2B29A8BE0054F226 /* Status.swift in Sources */,
				AFA4A4F32B2853E100CFC8F8 /* Direction.swift in Sources */,
				AFDF40A52B21BDB600C89269 /* Hand.swift in Sources */,
				AFECC4022B1D1427006034F0 /* PartNumber.swift in Sources */,
				AFA4A4ED2B2853B600CFC8F8 /* Tile.swift in Sources */,
				AFECC3EF2B1BAB72006034F0 /* Game.swift in Sources */,
				AFECC3ED2B1BAB20006034F0 /* Record.swift in Sources */,
				AFDF40A02B21BD5F00C89269 /* HandStrength.swift in Sources */,
				AFECC4042B1D14F2006034F0 /* Symbol.swift in Sources */,
				AFA147F42B24827B006347F3 /* Day9.swift in Sources */,
				AFECC4112B1D30B5006034F0 /* Schema.swift in Sources */,
				AFA4A4F02B2853CC00CFC8F8 /* Coordinate.swift in Sources */,
				AF954D342B2B971000DFF3D4 /* Day13.swift in Sources */,
				AF85D00C2B303EF5000DD35B /* Platform.swift in Sources */,
				AFE7791C2B28CB8D0054F226 /* Universe.swift in Sources */,
				AF6146BE2B1799D2000091C8 /* Day1.swift in Sources */,
				AFA147EB2B23AA88006347F3 /* LeastCommonMultiplerCalculator.swift in Sources */,
				AFA148082B264648006347F3 /* Pipe.swift in Sources */,
				AFDF40AC2B21BF3E00C89269 /* Card.swift in Sources */,
				AFECC3FE2B1D1339006034F0 /* Day3.swift in Sources */,
				AFECC40E2B1D18C1006034F0 /* Int+Extensions.swift in Sources */,
				AFA147F92B2483D3006347F3 /* History.swift in Sources */,
				AF0928492B188C9900FC0BCF /* Array+Extensions.swift in Sources */,
				AFECC4212B1E549E006034F0 /* ScratchCard.swift in Sources */,
				AF095ECB2B1F8D7400255338 /* Almanac.swift in Sources */,
				AFB8DF002B2318410055A02B /* Network.swift in Sources */,
				AFE779352B29A6330054F226 /* Spring.swift in Sources */,
				AF095EC42B1F86C700255338 /* Day5.swift in Sources */,
				AFDF40912B20D7EA00C89269 /* Day6.swift in Sources */,
				AFE779322B29A6050054F226 /* Row.swift in Sources */,
				AFECC4002B1D13D7006034F0 /* EngineSchematic.swift in Sources */,
			);
			runOnlyForDeploymentPostprocessing = 0;
		};
/* End PBXSourcesBuildPhase section */

/* Begin PBXTargetDependency section */
		AF60ED722B189000001DC88B /* PBXTargetDependency */ = {
			isa = PBXTargetDependency;
			target = AFFC6DF42B17817300C04F8D /* AOC2023 */;
			targetProxy = AF60ED712B189000001DC88B /* PBXContainerItemProxy */;
		};
/* End PBXTargetDependency section */

/* Begin XCBuildConfiguration section */
		AF60ED6A2B188F38001DC88B /* Debug */ = {
			isa = XCBuildConfiguration;
			buildSettings = {
				CODE_SIGN_STYLE = Automatic;
				CURRENT_PROJECT_VERSION = 1;
				GENERATE_INFOPLIST_FILE = YES;
				MARKETING_VERSION = 1.0;
				PRODUCT_BUNDLE_IDENTIFIER = com.mashbytes.AOC2023Tests;
				PRODUCT_NAME = "$(TARGET_NAME)";
				SWIFT_EMIT_LOC_STRINGS = NO;
				SWIFT_VERSION = 5.0;
			};
			name = Debug;
		};
		AF60ED6B2B188F38001DC88B /* Release */ = {
			isa = XCBuildConfiguration;
			buildSettings = {
				CODE_SIGN_STYLE = Automatic;
				CURRENT_PROJECT_VERSION = 1;
				GENERATE_INFOPLIST_FILE = YES;
				MARKETING_VERSION = 1.0;
				PRODUCT_BUNDLE_IDENTIFIER = com.mashbytes.AOC2023Tests;
				PRODUCT_NAME = "$(TARGET_NAME)";
				SWIFT_EMIT_LOC_STRINGS = NO;
				SWIFT_VERSION = 5.0;
			};
			name = Release;
		};
		AFFC6DFA2B17817300C04F8D /* Debug */ = {
			isa = XCBuildConfiguration;
			buildSettings = {
				ALWAYS_SEARCH_USER_PATHS = NO;
				ASSETCATALOG_COMPILER_GENERATE_SWIFT_ASSET_SYMBOL_EXTENSIONS = YES;
				CLANG_ANALYZER_NONNULL = YES;
				CLANG_ANALYZER_NUMBER_OBJECT_CONVERSION = YES_AGGRESSIVE;
				CLANG_CXX_LANGUAGE_STANDARD = "gnu++20";
				CLANG_ENABLE_MODULES = YES;
				CLANG_ENABLE_OBJC_ARC = YES;
				CLANG_ENABLE_OBJC_WEAK = YES;
				CLANG_WARN_BLOCK_CAPTURE_AUTORELEASING = YES;
				CLANG_WARN_BOOL_CONVERSION = YES;
				CLANG_WARN_COMMA = YES;
				CLANG_WARN_CONSTANT_CONVERSION = YES;
				CLANG_WARN_DEPRECATED_OBJC_IMPLEMENTATIONS = YES;
				CLANG_WARN_DIRECT_OBJC_ISA_USAGE = YES_ERROR;
				CLANG_WARN_DOCUMENTATION_COMMENTS = YES;
				CLANG_WARN_EMPTY_BODY = YES;
				CLANG_WARN_ENUM_CONVERSION = YES;
				CLANG_WARN_INFINITE_RECURSION = YES;
				CLANG_WARN_INT_CONVERSION = YES;
				CLANG_WARN_NON_LITERAL_NULL_CONVERSION = YES;
				CLANG_WARN_OBJC_IMPLICIT_RETAIN_SELF = YES;
				CLANG_WARN_OBJC_LITERAL_CONVERSION = YES;
				CLANG_WARN_OBJC_ROOT_CLASS = YES_ERROR;
				CLANG_WARN_QUOTED_INCLUDE_IN_FRAMEWORK_HEADER = YES;
				CLANG_WARN_RANGE_LOOP_ANALYSIS = YES;
				CLANG_WARN_STRICT_PROTOTYPES = YES;
				CLANG_WARN_SUSPICIOUS_MOVE = YES;
				CLANG_WARN_UNGUARDED_AVAILABILITY = YES_AGGRESSIVE;
				CLANG_WARN_UNREACHABLE_CODE = YES;
				CLANG_WARN__DUPLICATE_METHOD_MATCH = YES;
				COPY_PHASE_STRIP = NO;
				DEBUG_INFORMATION_FORMAT = dwarf;
				ENABLE_STRICT_OBJC_MSGSEND = YES;
				ENABLE_TESTABILITY = YES;
				ENABLE_USER_SCRIPT_SANDBOXING = YES;
				GCC_C_LANGUAGE_STANDARD = gnu17;
				GCC_DYNAMIC_NO_PIC = NO;
				GCC_NO_COMMON_BLOCKS = YES;
				GCC_OPTIMIZATION_LEVEL = 0;
				GCC_PREPROCESSOR_DEFINITIONS = (
					"DEBUG=1",
					"$(inherited)",
				);
				GCC_WARN_64_TO_32_BIT_CONVERSION = YES;
				GCC_WARN_ABOUT_RETURN_TYPE = YES_ERROR;
				GCC_WARN_UNDECLARED_SELECTOR = YES;
				GCC_WARN_UNINITIALIZED_AUTOS = YES_AGGRESSIVE;
				GCC_WARN_UNUSED_FUNCTION = YES;
				GCC_WARN_UNUSED_VARIABLE = YES;
				LOCALIZATION_PREFERS_STRING_CATALOGS = YES;
				MACOSX_DEPLOYMENT_TARGET = 13.6;
				MTL_ENABLE_DEBUG_INFO = INCLUDE_SOURCE;
				MTL_FAST_MATH = YES;
				ONLY_ACTIVE_ARCH = YES;
				SDKROOT = macosx;
				SWIFT_ACTIVE_COMPILATION_CONDITIONS = "DEBUG $(inherited)";
				SWIFT_OPTIMIZATION_LEVEL = "-Onone";
			};
			name = Debug;
		};
		AFFC6DFB2B17817300C04F8D /* Release */ = {
			isa = XCBuildConfiguration;
			buildSettings = {
				ALWAYS_SEARCH_USER_PATHS = NO;
				ASSETCATALOG_COMPILER_GENERATE_SWIFT_ASSET_SYMBOL_EXTENSIONS = YES;
				CLANG_ANALYZER_NONNULL = YES;
				CLANG_ANALYZER_NUMBER_OBJECT_CONVERSION = YES_AGGRESSIVE;
				CLANG_CXX_LANGUAGE_STANDARD = "gnu++20";
				CLANG_ENABLE_MODULES = YES;
				CLANG_ENABLE_OBJC_ARC = YES;
				CLANG_ENABLE_OBJC_WEAK = YES;
				CLANG_WARN_BLOCK_CAPTURE_AUTORELEASING = YES;
				CLANG_WARN_BOOL_CONVERSION = YES;
				CLANG_WARN_COMMA = YES;
				CLANG_WARN_CONSTANT_CONVERSION = YES;
				CLANG_WARN_DEPRECATED_OBJC_IMPLEMENTATIONS = YES;
				CLANG_WARN_DIRECT_OBJC_ISA_USAGE = YES_ERROR;
				CLANG_WARN_DOCUMENTATION_COMMENTS = YES;
				CLANG_WARN_EMPTY_BODY = YES;
				CLANG_WARN_ENUM_CONVERSION = YES;
				CLANG_WARN_INFINITE_RECURSION = YES;
				CLANG_WARN_INT_CONVERSION = YES;
				CLANG_WARN_NON_LITERAL_NULL_CONVERSION = YES;
				CLANG_WARN_OBJC_IMPLICIT_RETAIN_SELF = YES;
				CLANG_WARN_OBJC_LITERAL_CONVERSION = YES;
				CLANG_WARN_OBJC_ROOT_CLASS = YES_ERROR;
				CLANG_WARN_QUOTED_INCLUDE_IN_FRAMEWORK_HEADER = YES;
				CLANG_WARN_RANGE_LOOP_ANALYSIS = YES;
				CLANG_WARN_STRICT_PROTOTYPES = YES;
				CLANG_WARN_SUSPICIOUS_MOVE = YES;
				CLANG_WARN_UNGUARDED_AVAILABILITY = YES_AGGRESSIVE;
				CLANG_WARN_UNREACHABLE_CODE = YES;
				CLANG_WARN__DUPLICATE_METHOD_MATCH = YES;
				COPY_PHASE_STRIP = NO;
				DEBUG_INFORMATION_FORMAT = "dwarf-with-dsym";
				ENABLE_NS_ASSERTIONS = NO;
				ENABLE_STRICT_OBJC_MSGSEND = YES;
				ENABLE_USER_SCRIPT_SANDBOXING = YES;
				GCC_C_LANGUAGE_STANDARD = gnu17;
				GCC_NO_COMMON_BLOCKS = YES;
				GCC_WARN_64_TO_32_BIT_CONVERSION = YES;
				GCC_WARN_ABOUT_RETURN_TYPE = YES_ERROR;
				GCC_WARN_UNDECLARED_SELECTOR = YES;
				GCC_WARN_UNINITIALIZED_AUTOS = YES_AGGRESSIVE;
				GCC_WARN_UNUSED_FUNCTION = YES;
				GCC_WARN_UNUSED_VARIABLE = YES;
				LOCALIZATION_PREFERS_STRING_CATALOGS = YES;
				MACOSX_DEPLOYMENT_TARGET = 13.6;
				MTL_ENABLE_DEBUG_INFO = NO;
				MTL_FAST_MATH = YES;
				SDKROOT = macosx;
				SWIFT_COMPILATION_MODE = wholemodule;
			};
			name = Release;
		};
		AFFC6DFD2B17817300C04F8D /* Debug */ = {
			isa = XCBuildConfiguration;
			buildSettings = {
				CODE_SIGN_STYLE = Automatic;
				PRODUCT_NAME = "$(TARGET_NAME)";
				SWIFT_VERSION = 5.0;
			};
			name = Debug;
		};
		AFFC6DFE2B17817300C04F8D /* Release */ = {
			isa = XCBuildConfiguration;
			buildSettings = {
				CODE_SIGN_STYLE = Automatic;
				PRODUCT_NAME = "$(TARGET_NAME)";
				SWIFT_VERSION = 5.0;
			};
			name = Release;
		};
/* End XCBuildConfiguration section */

/* Begin XCConfigurationList section */
		AF60ED6C2B188F38001DC88B /* Build configuration list for PBXNativeTarget "AOC2023Tests" */ = {
			isa = XCConfigurationList;
			buildConfigurations = (
				AF60ED6A2B188F38001DC88B /* Debug */,
				AF60ED6B2B188F38001DC88B /* Release */,
			);
			defaultConfigurationIsVisible = 0;
			defaultConfigurationName = Release;
		};
		AFFC6DF02B17817300C04F8D /* Build configuration list for PBXProject "AOC2023" */ = {
			isa = XCConfigurationList;
			buildConfigurations = (
				AFFC6DFA2B17817300C04F8D /* Debug */,
				AFFC6DFB2B17817300C04F8D /* Release */,
			);
			defaultConfigurationIsVisible = 0;
			defaultConfigurationName = Release;
		};
		AFFC6DFC2B17817300C04F8D /* Build configuration list for PBXNativeTarget "AOC2023" */ = {
			isa = XCConfigurationList;
			buildConfigurations = (
				AFFC6DFD2B17817300C04F8D /* Debug */,
				AFFC6DFE2B17817300C04F8D /* Release */,
			);
			defaultConfigurationIsVisible = 0;
			defaultConfigurationName = Release;
		};
/* End XCConfigurationList section */

/* Begin XCRemoteSwiftPackageReference section */
		AFE779232B2908620054F226 /* XCRemoteSwiftPackageReference "swift-algorithms" */ = {
			isa = XCRemoteSwiftPackageReference;
			repositoryURL = "https://github.com/apple/swift-algorithms.git";
			requirement = {
				kind = upToNextMajorVersion;
				minimumVersion = 1.2.0;
			};
		};
/* End XCRemoteSwiftPackageReference section */

/* Begin XCSwiftPackageProductDependency section */
		AFE779242B2908620054F226 /* Algorithms */ = {
			isa = XCSwiftPackageProductDependency;
			package = AFE779232B2908620054F226 /* XCRemoteSwiftPackageReference "swift-algorithms" */;
			productName = Algorithms;
		};
		AFE779272B2908DC0054F226 /* Algorithms */ = {
			isa = XCSwiftPackageProductDependency;
			package = AFE779232B2908620054F226 /* XCRemoteSwiftPackageReference "swift-algorithms" */;
			productName = Algorithms;
		};
/* End XCSwiftPackageProductDependency section */
	};
	rootObject = AFFC6DED2B17817300C04F8D /* Project object */;
}
