// !$*UTF8*$!
{
	archiveVersion = 1;
	classes = {
	};
	objectVersion = 56;
	objects = {

/* Begin PBXBuildFile section */
		AF0928492B188C9900FC0BCF /* Array+Extensions.swift in Sources */ = {isa = PBXBuildFile; fileRef = AF0928482B188C9900FC0BCF /* Array+Extensions.swift */; };
		AF60ED6E2B188F4C001DC88B /* Array+ExtensionTests.swift in Sources */ = {isa = PBXBuildFile; fileRef = AF60ED6D2B188F4C001DC88B /* Array+ExtensionTests.swift */; };
		AF60ED742B18913A001DC88B /* Array+Extensions.swift in Sources */ = {isa = PBXBuildFile; fileRef = AF0928482B188C9900FC0BCF /* Array+Extensions.swift */; };
		AF6146BE2B1799D2000091C8 /* Day1.swift in Sources */ = {isa = PBXBuildFile; fileRef = AF6146BD2B1799D2000091C8 /* Day1.swift */; };
		AFA4E9902B18A7B500126B28 /* Day1Tests.swift in Sources */ = {isa = PBXBuildFile; fileRef = AFA4E98F2B18A7B500126B28 /* Day1Tests.swift */; };
		AFA4E9922B18AD3900126B28 /* Day1.swift in Sources */ = {isa = PBXBuildFile; fileRef = AF6146BD2B1799D2000091C8 /* Day1.swift */; };
		AFECC3D82B1A3842006034F0 /* TestHelpers.swift in Sources */ = {isa = PBXBuildFile; fileRef = AFECC3D72B1A3842006034F0 /* TestHelpers.swift */; };
		AFECC3DA2B1A3BF1006034F0 /* Day1Input.txt in Resources */ = {isa = PBXBuildFile; fileRef = AFECC3D92B1A3BF1006034F0 /* Day1Input.txt */; };
		AFECC3DD2B1B9A2F006034F0 /* String+ExtensionsTests.swift in Sources */ = {isa = PBXBuildFile; fileRef = AFECC3DC2B1B9A2F006034F0 /* String+ExtensionsTests.swift */; };
		AFECC3DF2B1B9AFE006034F0 /* String+Extensions.swift in Sources */ = {isa = PBXBuildFile; fileRef = AFECC3DE2B1B9AFE006034F0 /* String+Extensions.swift */; };
		AFECC3E02B1B9BB7006034F0 /* String+Extensions.swift in Sources */ = {isa = PBXBuildFile; fileRef = AFECC3DE2B1B9AFE006034F0 /* String+Extensions.swift */; };
		AFECC3E32B1BA5CC006034F0 /* Day2Tests.swift in Sources */ = {isa = PBXBuildFile; fileRef = AFECC3E22B1BA5CC006034F0 /* Day2Tests.swift */; };
		AFECC3E52B1BA5D5006034F0 /* Day2.swift in Sources */ = {isa = PBXBuildFile; fileRef = AFECC3E42B1BA5D5006034F0 /* Day2.swift */; };
		AFECC3E62B1BA762006034F0 /* Day2.swift in Sources */ = {isa = PBXBuildFile; fileRef = AFECC3E42B1BA5D5006034F0 /* Day2.swift */; };
		AFECC3E92B1BAAFA006034F0 /* RecordTests.swift in Sources */ = {isa = PBXBuildFile; fileRef = AFECC3E82B1BAAFA006034F0 /* RecordTests.swift */; };
		AFECC3ED2B1BAB20006034F0 /* Record.swift in Sources */ = {isa = PBXBuildFile; fileRef = AFECC3EC2B1BAB20006034F0 /* Record.swift */; };
		AFECC3EF2B1BAB72006034F0 /* Game.swift in Sources */ = {isa = PBXBuildFile; fileRef = AFECC3EE2B1BAB72006034F0 /* Game.swift */; };
		AFECC3F02B1BABE4006034F0 /* Record.swift in Sources */ = {isa = PBXBuildFile; fileRef = AFECC3EC2B1BAB20006034F0 /* Record.swift */; };
		AFECC3F12B1BABE7006034F0 /* Game.swift in Sources */ = {isa = PBXBuildFile; fileRef = AFECC3EE2B1BAB72006034F0 /* Game.swift */; };
		AFECC3F32B1BAC94006034F0 /* GameTests.swift in Sources */ = {isa = PBXBuildFile; fileRef = AFECC3F22B1BAC94006034F0 /* GameTests.swift */; };
		AFECC3F52B1BB528006034F0 /* Day2Input.txt in Resources */ = {isa = PBXBuildFile; fileRef = AFECC3F42B1BB528006034F0 /* Day2Input.txt */; };
		AFECC3F82B1D11C9006034F0 /* main.swift in Sources */ = {isa = PBXBuildFile; fileRef = AFECC3F72B1D11C9006034F0 /* main.swift */; };
		AFECC3FC2B1D127A006034F0 /* Day3Tests.swift in Sources */ = {isa = PBXBuildFile; fileRef = AFECC3FB2B1D127A006034F0 /* Day3Tests.swift */; };
		AFECC3FE2B1D1339006034F0 /* Day3.swift in Sources */ = {isa = PBXBuildFile; fileRef = AFECC3FD2B1D1339006034F0 /* Day3.swift */; };
		AFECC4002B1D13D7006034F0 /* EngineSchematic.swift in Sources */ = {isa = PBXBuildFile; fileRef = AFECC3FF2B1D13D7006034F0 /* EngineSchematic.swift */; };
		AFECC4022B1D1427006034F0 /* PartNumber.swift in Sources */ = {isa = PBXBuildFile; fileRef = AFECC4012B1D1427006034F0 /* PartNumber.swift */; };
		AFECC4042B1D14F2006034F0 /* Symbol.swift in Sources */ = {isa = PBXBuildFile; fileRef = AFECC4032B1D14F2006034F0 /* Symbol.swift */; };
		AFECC4052B1D15A6006034F0 /* Day3.swift in Sources */ = {isa = PBXBuildFile; fileRef = AFECC3FD2B1D1339006034F0 /* Day3.swift */; };
		AFECC4062B1D15A9006034F0 /* EngineSchematic.swift in Sources */ = {isa = PBXBuildFile; fileRef = AFECC3FF2B1D13D7006034F0 /* EngineSchematic.swift */; };
		AFECC4072B1D15AB006034F0 /* PartNumber.swift in Sources */ = {isa = PBXBuildFile; fileRef = AFECC4012B1D1427006034F0 /* PartNumber.swift */; };
		AFECC4082B1D15AE006034F0 /* Symbol.swift in Sources */ = {isa = PBXBuildFile; fileRef = AFECC4032B1D14F2006034F0 /* Symbol.swift */; };
		AFECC40A2B1D15DC006034F0 /* PartNumberTests.swift in Sources */ = {isa = PBXBuildFile; fileRef = AFECC4092B1D15DC006034F0 /* PartNumberTests.swift */; };
		AFECC40C2B1D180D006034F0 /* Int+ExtensionsTests.swift in Sources */ = {isa = PBXBuildFile; fileRef = AFECC40B2B1D180D006034F0 /* Int+ExtensionsTests.swift */; };
		AFECC40E2B1D18C1006034F0 /* Int+Extensions.swift in Sources */ = {isa = PBXBuildFile; fileRef = AFECC40D2B1D18C1006034F0 /* Int+Extensions.swift */; };
		AFECC40F2B1D196C006034F0 /* Int+Extensions.swift in Sources */ = {isa = PBXBuildFile; fileRef = AFECC40D2B1D18C1006034F0 /* Int+Extensions.swift */; };
		AFECC4112B1D30B5006034F0 /* Schema.swift in Sources */ = {isa = PBXBuildFile; fileRef = AFECC4102B1D30B5006034F0 /* Schema.swift */; };
		AFECC4132B1D31CC006034F0 /* EngineSchematicTests.swift in Sources */ = {isa = PBXBuildFile; fileRef = AFECC4122B1D31CC006034F0 /* EngineSchematicTests.swift */; };
		AFECC4142B1D32AD006034F0 /* Schema.swift in Sources */ = {isa = PBXBuildFile; fileRef = AFECC4102B1D30B5006034F0 /* Schema.swift */; };
		AFECC4162B1E33C5006034F0 /* Day3.txt in Resources */ = {isa = PBXBuildFile; fileRef = AFECC4152B1E33C5006034F0 /* Day3.txt */; };
		AFECC4182B1E3DC9006034F0 /* Gear.swift in Sources */ = {isa = PBXBuildFile; fileRef = AFECC4172B1E3DC9006034F0 /* Gear.swift */; };
		AFECC4192B1E3E0E006034F0 /* Gear.swift in Sources */ = {isa = PBXBuildFile; fileRef = AFECC4172B1E3DC9006034F0 /* Gear.swift */; };
/* End PBXBuildFile section */

/* Begin PBXContainerItemProxy section */
		AF60ED712B189000001DC88B /* PBXContainerItemProxy */ = {
			isa = PBXContainerItemProxy;
			containerPortal = AFFC6DED2B17817300C04F8D /* Project object */;
			proxyType = 1;
			remoteGlobalIDString = AFFC6DF42B17817300C04F8D;
			remoteInfo = AOC2023;
		};
/* End PBXContainerItemProxy section */

/* Begin PBXCopyFilesBuildPhase section */
		AFFC6DF32B17817300C04F8D /* CopyFiles */ = {
			isa = PBXCopyFilesBuildPhase;
			buildActionMask = 2147483647;
			dstPath = /usr/share/man/man1/;
			dstSubfolderSpec = 0;
			files = (
			);
			runOnlyForDeploymentPostprocessing = 1;
		};
/* End PBXCopyFilesBuildPhase section */

/* Begin PBXFileReference section */
		AF0928482B188C9900FC0BCF /* Array+Extensions.swift */ = {isa = PBXFileReference; lastKnownFileType = sourcecode.swift; path = "Array+Extensions.swift"; sourceTree = "<group>"; };
		AF60ED662B188F38001DC88B /* AOC2023Tests.xctest */ = {isa = PBXFileReference; explicitFileType = wrapper.cfbundle; includeInIndex = 0; path = AOC2023Tests.xctest; sourceTree = BUILT_PRODUCTS_DIR; };
		AF60ED6D2B188F4C001DC88B /* Array+ExtensionTests.swift */ = {isa = PBXFileReference; lastKnownFileType = sourcecode.swift; path = "Array+ExtensionTests.swift"; sourceTree = "<group>"; };
		AF6146BD2B1799D2000091C8 /* Day1.swift */ = {isa = PBXFileReference; lastKnownFileType = sourcecode.swift; path = Day1.swift; sourceTree = "<group>"; };
		AFA4E98F2B18A7B500126B28 /* Day1Tests.swift */ = {isa = PBXFileReference; lastKnownFileType = sourcecode.swift; path = Day1Tests.swift; sourceTree = "<group>"; };
		AFA4E9912B18AA2700126B28 /* AOC2023.xctestplan */ = {isa = PBXFileReference; lastKnownFileType = text; path = AOC2023.xctestplan; sourceTree = "<group>"; };
		AFECC3D72B1A3842006034F0 /* TestHelpers.swift */ = {isa = PBXFileReference; lastKnownFileType = sourcecode.swift; path = TestHelpers.swift; sourceTree = "<group>"; };
		AFECC3D92B1A3BF1006034F0 /* Day1Input.txt */ = {isa = PBXFileReference; lastKnownFileType = text; path = Day1Input.txt; sourceTree = "<group>"; };
		AFECC3DC2B1B9A2F006034F0 /* String+ExtensionsTests.swift */ = {isa = PBXFileReference; lastKnownFileType = sourcecode.swift; path = "String+ExtensionsTests.swift"; sourceTree = "<group>"; };
		AFECC3DE2B1B9AFE006034F0 /* String+Extensions.swift */ = {isa = PBXFileReference; lastKnownFileType = sourcecode.swift; path = "String+Extensions.swift"; sourceTree = "<group>"; };
		AFECC3E22B1BA5CC006034F0 /* Day2Tests.swift */ = {isa = PBXFileReference; lastKnownFileType = sourcecode.swift; path = Day2Tests.swift; sourceTree = "<group>"; };
		AFECC3E42B1BA5D5006034F0 /* Day2.swift */ = {isa = PBXFileReference; lastKnownFileType = sourcecode.swift; path = Day2.swift; sourceTree = "<group>"; };
		AFECC3E82B1BAAFA006034F0 /* RecordTests.swift */ = {isa = PBXFileReference; lastKnownFileType = sourcecode.swift; path = RecordTests.swift; sourceTree = "<group>"; };
		AFECC3EC2B1BAB20006034F0 /* Record.swift */ = {isa = PBXFileReference; lastKnownFileType = sourcecode.swift; path = Record.swift; sourceTree = "<group>"; };
		AFECC3EE2B1BAB72006034F0 /* Game.swift */ = {isa = PBXFileReference; lastKnownFileType = sourcecode.swift; path = Game.swift; sourceTree = "<group>"; };
		AFECC3F22B1BAC94006034F0 /* GameTests.swift */ = {isa = PBXFileReference; lastKnownFileType = sourcecode.swift; path = GameTests.swift; sourceTree = "<group>"; };
		AFECC3F42B1BB528006034F0 /* Day2Input.txt */ = {isa = PBXFileReference; lastKnownFileType = text; path = Day2Input.txt; sourceTree = "<group>"; };
		AFECC3F72B1D11C9006034F0 /* main.swift */ = {isa = PBXFileReference; fileEncoding = 4; lastKnownFileType = sourcecode.swift; path = main.swift; sourceTree = "<group>"; };
		AFECC3FB2B1D127A006034F0 /* Day3Tests.swift */ = {isa = PBXFileReference; lastKnownFileType = sourcecode.swift; path = Day3Tests.swift; sourceTree = "<group>"; };
		AFECC3FD2B1D1339006034F0 /* Day3.swift */ = {isa = PBXFileReference; lastKnownFileType = sourcecode.swift; path = Day3.swift; sourceTree = "<group>"; };
		AFECC3FF2B1D13D7006034F0 /* EngineSchematic.swift */ = {isa = PBXFileReference; lastKnownFileType = sourcecode.swift; path = EngineSchematic.swift; sourceTree = "<group>"; };
		AFECC4012B1D1427006034F0 /* PartNumber.swift */ = {isa = PBXFileReference; lastKnownFileType = sourcecode.swift; path = PartNumber.swift; sourceTree = "<group>"; };
		AFECC4032B1D14F2006034F0 /* Symbol.swift */ = {isa = PBXFileReference; lastKnownFileType = sourcecode.swift; path = Symbol.swift; sourceTree = "<group>"; };
		AFECC4092B1D15DC006034F0 /* PartNumberTests.swift */ = {isa = PBXFileReference; lastKnownFileType = sourcecode.swift; path = PartNumberTests.swift; sourceTree = "<group>"; };
		AFECC40B2B1D180D006034F0 /* Int+ExtensionsTests.swift */ = {isa = PBXFileReference; lastKnownFileType = sourcecode.swift; path = "Int+ExtensionsTests.swift"; sourceTree = "<group>"; };
		AFECC40D2B1D18C1006034F0 /* Int+Extensions.swift */ = {isa = PBXFileReference; lastKnownFileType = sourcecode.swift; path = "Int+Extensions.swift"; sourceTree = "<group>"; };
		AFECC4102B1D30B5006034F0 /* Schema.swift */ = {isa = PBXFileReference; lastKnownFileType = sourcecode.swift; path = Schema.swift; sourceTree = "<group>"; };
		AFECC4122B1D31CC006034F0 /* EngineSchematicTests.swift */ = {isa = PBXFileReference; lastKnownFileType = sourcecode.swift; path = EngineSchematicTests.swift; sourceTree = "<group>"; };
		AFECC4152B1E33C5006034F0 /* Day3.txt */ = {isa = PBXFileReference; lastKnownFileType = text; path = Day3.txt; sourceTree = "<group>"; };
		AFECC4172B1E3DC9006034F0 /* Gear.swift */ = {isa = PBXFileReference; lastKnownFileType = sourcecode.swift; path = Gear.swift; sourceTree = "<group>"; };
		AFFC6DF52B17817300C04F8D /* AOC2023 */ = {isa = PBXFileReference; explicitFileType = "compiled.mach-o.executable"; includeInIndex = 0; path = AOC2023; sourceTree = BUILT_PRODUCTS_DIR; };
/* End PBXFileReference section */

/* Begin PBXFrameworksBuildPhase section */
		AF60ED632B188F38001DC88B /* Frameworks */ = {
			isa = PBXFrameworksBuildPhase;
			buildActionMask = 2147483647;
			files = (
			);
			runOnlyForDeploymentPostprocessing = 0;
		};
		AFFC6DF22B17817300C04F8D /* Frameworks */ = {
			isa = PBXFrameworksBuildPhase;
			buildActionMask = 2147483647;
			files = (
			);
			runOnlyForDeploymentPostprocessing = 0;
		};
/* End PBXFrameworksBuildPhase section */

/* Begin PBXGroup section */
		AF60ED672B188F38001DC88B /* AOC2023Tests */ = {
			isa = PBXGroup;
			children = (
				AFECC3FA2B1D1261006034F0 /* Day3 */,
				AFECC3E12B1BA5BB006034F0 /* Day2 */,
				AFECC3DB2B1B6DAE006034F0 /* Day1 */,
				AF60ED6D2B188F4C001DC88B /* Array+ExtensionTests.swift */,
				AFECC3D72B1A3842006034F0 /* TestHelpers.swift */,
				AFECC3DC2B1B9A2F006034F0 /* String+ExtensionsTests.swift */,
				AFECC40B2B1D180D006034F0 /* Int+ExtensionsTests.swift */,
			);
			path = AOC2023Tests;
			sourceTree = "<group>";
		};
		AFECC3DB2B1B6DAE006034F0 /* Day1 */ = {
			isa = PBXGroup;
			children = (
				AFA4E98F2B18A7B500126B28 /* Day1Tests.swift */,
				AFECC3D92B1A3BF1006034F0 /* Day1Input.txt */,
			);
			path = Day1;
			sourceTree = "<group>";
		};
		AFECC3E12B1BA5BB006034F0 /* Day2 */ = {
			isa = PBXGroup;
			children = (
				AFECC3F42B1BB528006034F0 /* Day2Input.txt */,
				AFECC3E82B1BAAFA006034F0 /* RecordTests.swift */,
				AFECC3F22B1BAC94006034F0 /* GameTests.swift */,
				AFECC3E22B1BA5CC006034F0 /* Day2Tests.swift */,
			);
			path = Day2;
			sourceTree = "<group>";
		};
		AFECC3EA2B1BAB02006034F0 /* Day2 */ = {
			isa = PBXGroup;
			children = (
				AFECC3EC2B1BAB20006034F0 /* Record.swift */,
				AFECC3EE2B1BAB72006034F0 /* Game.swift */,
				AFECC3E42B1BA5D5006034F0 /* Day2.swift */,
			);
			path = Day2;
			sourceTree = "<group>";
		};
		AFECC3F62B1D114A006034F0 /* Day1 */ = {
			isa = PBXGroup;
			children = (
				AF6146BD2B1799D2000091C8 /* Day1.swift */,
			);
			path = Day1;
			sourceTree = "<group>";
		};
		AFECC3F92B1D125B006034F0 /* Day3 */ = {
			isa = PBXGroup;
			children = (
				AFECC3FD2B1D1339006034F0 /* Day3.swift */,
				AFECC3FF2B1D13D7006034F0 /* EngineSchematic.swift */,
				AFECC4012B1D1427006034F0 /* PartNumber.swift */,
				AFECC4032B1D14F2006034F0 /* Symbol.swift */,
				AFECC4102B1D30B5006034F0 /* Schema.swift */,
				AFECC4172B1E3DC9006034F0 /* Gear.swift */,
			);
			path = Day3;
			sourceTree = "<group>";
		};
		AFECC3FA2B1D1261006034F0 /* Day3 */ = {
			isa = PBXGroup;
			children = (
				AFECC3FB2B1D127A006034F0 /* Day3Tests.swift */,
				AFECC4092B1D15DC006034F0 /* PartNumberTests.swift */,
				AFECC4122B1D31CC006034F0 /* EngineSchematicTests.swift */,
				AFECC4152B1E33C5006034F0 /* Day3.txt */,
			);
			path = Day3;
			sourceTree = "<group>";
		};
		AFFC6DEC2B17817300C04F8D = {
			isa = PBXGroup;
			children = (
				AFA4E9912B18AA2700126B28 /* AOC2023.xctestplan */,
				AFFC6DF72B17817300C04F8D /* AOC2023 */,
				AF60ED672B188F38001DC88B /* AOC2023Tests */,
				AFFC6DF62B17817300C04F8D /* Products */,
			);
			sourceTree = "<group>";
		};
		AFFC6DF62B17817300C04F8D /* Products */ = {
			isa = PBXGroup;
			children = (
				AFFC6DF52B17817300C04F8D /* AOC2023 */,
				AF60ED662B188F38001DC88B /* AOC2023Tests.xctest */,
			);
			name = Products;
			sourceTree = "<group>";
		};
		AFFC6DF72B17817300C04F8D /* AOC2023 */ = {
			isa = PBXGroup;
			children = (
				AFECC3F92B1D125B006034F0 /* Day3 */,
				AFECC3F72B1D11C9006034F0 /* main.swift */,
				AFECC3F62B1D114A006034F0 /* Day1 */,
				AFECC3EA2B1BAB02006034F0 /* Day2 */,
				AF0928482B188C9900FC0BCF /* Array+Extensions.swift */,
				AFECC3DE2B1B9AFE006034F0 /* String+Extensions.swift */,
				AFECC40D2B1D18C1006034F0 /* Int+Extensions.swift */,
			);
			path = AOC2023;
			sourceTree = "<group>";
		};
/* End PBXGroup section */

/* Begin PBXNativeTarget section */
		AF60ED652B188F38001DC88B /* AOC2023Tests */ = {
			isa = PBXNativeTarget;
			buildConfigurationList = AF60ED6C2B188F38001DC88B /* Build configuration list for PBXNativeTarget "AOC2023Tests" */;
			buildPhases = (
				AF60ED622B188F38001DC88B /* Sources */,
				AF60ED632B188F38001DC88B /* Frameworks */,
				AF60ED642B188F38001DC88B /* Resources */,
			);
			buildRules = (
			);
			dependencies = (
				AF60ED722B189000001DC88B /* PBXTargetDependency */,
			);
			name = AOC2023Tests;
			productName = AOC2023Tests;
			productReference = AF60ED662B188F38001DC88B /* AOC2023Tests.xctest */;
			productType = "com.apple.product-type.bundle.unit-test";
		};
		AFFC6DF42B17817300C04F8D /* AOC2023 */ = {
			isa = PBXNativeTarget;
			buildConfigurationList = AFFC6DFC2B17817300C04F8D /* Build configuration list for PBXNativeTarget "AOC2023" */;
			buildPhases = (
				AFFC6DF12B17817300C04F8D /* Sources */,
				AFFC6DF22B17817300C04F8D /* Frameworks */,
				AFFC6DF32B17817300C04F8D /* CopyFiles */,
			);
			buildRules = (
			);
			dependencies = (
			);
			name = AOC2023;
			productName = AOC2023;
			productReference = AFFC6DF52B17817300C04F8D /* AOC2023 */;
			productType = "com.apple.product-type.tool";
		};
/* End PBXNativeTarget section */

/* Begin PBXProject section */
		AFFC6DED2B17817300C04F8D /* Project object */ = {
			isa = PBXProject;
			attributes = {
				BuildIndependentTargetsInParallel = 1;
				LastSwiftUpdateCheck = 1500;
				LastUpgradeCheck = 1500;
				TargetAttributes = {
					AF60ED652B188F38001DC88B = {
						CreatedOnToolsVersion = 15.0.1;
					};
					AFFC6DF42B17817300C04F8D = {
						CreatedOnToolsVersion = 15.0.1;
					};
				};
			};
			buildConfigurationList = AFFC6DF02B17817300C04F8D /* Build configuration list for PBXProject "AOC2023" */;
			compatibilityVersion = "Xcode 14.0";
			developmentRegion = en;
			hasScannedForEncodings = 0;
			knownRegions = (
				en,
				Base,
			);
			mainGroup = AFFC6DEC2B17817300C04F8D;
			productRefGroup = AFFC6DF62B17817300C04F8D /* Products */;
			projectDirPath = "";
			projectRoot = "";
			targets = (
				AFFC6DF42B17817300C04F8D /* AOC2023 */,
				AF60ED652B188F38001DC88B /* AOC2023Tests */,
			);
		};
/* End PBXProject section */

/* Begin PBXResourcesBuildPhase section */
		AF60ED642B188F38001DC88B /* Resources */ = {
			isa = PBXResourcesBuildPhase;
			buildActionMask = 2147483647;
			files = (
				AFECC3DA2B1A3BF1006034F0 /* Day1Input.txt in Resources */,
				AFECC3F52B1BB528006034F0 /* Day2Input.txt in Resources */,
				AFECC4162B1E33C5006034F0 /* Day3.txt in Resources */,
			);
			runOnlyForDeploymentPostprocessing = 0;
		};
/* End PBXResourcesBuildPhase section */

/* Begin PBXSourcesBuildPhase section */
		AF60ED622B188F38001DC88B /* Sources */ = {
			isa = PBXSourcesBuildPhase;
			buildActionMask = 2147483647;
			files = (
				AFA4E9922B18AD3900126B28 /* Day1.swift in Sources */,
				AFECC4052B1D15A6006034F0 /* Day3.swift in Sources */,
				AFECC3E02B1B9BB7006034F0 /* String+Extensions.swift in Sources */,
				AFECC3E92B1BAAFA006034F0 /* RecordTests.swift in Sources */,
				AFECC3D82B1A3842006034F0 /* TestHelpers.swift in Sources */,
				AFECC4132B1D31CC006034F0 /* EngineSchematicTests.swift in Sources */,
				AFECC4082B1D15AE006034F0 /* Symbol.swift in Sources */,
				AFECC40A2B1D15DC006034F0 /* PartNumberTests.swift in Sources */,
				AF60ED6E2B188F4C001DC88B /* Array+ExtensionTests.swift in Sources */,
				AFECC3F32B1BAC94006034F0 /* GameTests.swift in Sources */,
				AFECC4062B1D15A9006034F0 /* EngineSchematic.swift in Sources */,
				AFA4E9902B18A7B500126B28 /* Day1Tests.swift in Sources */,
				AFECC3F02B1BABE4006034F0 /* Record.swift in Sources */,
				AFECC3F12B1BABE7006034F0 /* Game.swift in Sources */,
				AFECC3E32B1BA5CC006034F0 /* Day2Tests.swift in Sources */,
				AFECC3DD2B1B9A2F006034F0 /* String+ExtensionsTests.swift in Sources */,
				AFECC40C2B1D180D006034F0 /* Int+ExtensionsTests.swift in Sources */,
				AFECC3E62B1BA762006034F0 /* Day2.swift in Sources */,
				AFECC3FC2B1D127A006034F0 /* Day3Tests.swift in Sources */,
				AFECC40F2B1D196C006034F0 /* Int+Extensions.swift in Sources */,
				AFECC4192B1E3E0E006034F0 /* Gear.swift in Sources */,
				AF60ED742B18913A001DC88B /* Array+Extensions.swift in Sources */,
				AFECC4142B1D32AD006034F0 /* Schema.swift in Sources */,
				AFECC4072B1D15AB006034F0 /* PartNumber.swift in Sources */,
			);
			runOnlyForDeploymentPostprocessing = 0;
		};
		AFFC6DF12B17817300C04F8D /* Sources */ = {
			isa = PBXSourcesBuildPhase;
			buildActionMask = 2147483647;
			files = (
				AFECC4182B1E3DC9006034F0 /* Gear.swift in Sources */,
				AFECC3DF2B1B9AFE006034F0 /* String+Extensions.swift in Sources */,
				AFECC3F82B1D11C9006034F0 /* main.swift in Sources */,
				AFECC3E52B1BA5D5006034F0 /* Day2.swift in Sources */,
				AFECC4022B1D1427006034F0 /* PartNumber.swift in Sources */,
				AFECC3EF2B1BAB72006034F0 /* Game.swift in Sources */,
				AFECC3ED2B1BAB20006034F0 /* Record.swift in Sources */,
				AFECC4042B1D14F2006034F0 /* Symbol.swift in Sources */,
				AFECC4112B1D30B5006034F0 /* Schema.swift in Sources */,
				AF6146BE2B1799D2000091C8 /* Day1.swift in Sources */,
				AFECC3FE2B1D1339006034F0 /* Day3.swift in Sources */,
				AFECC40E2B1D18C1006034F0 /* Int+Extensions.swift in Sources */,
				AF0928492B188C9900FC0BCF /* Array+Extensions.swift in Sources */,
				AFECC4002B1D13D7006034F0 /* EngineSchematic.swift in Sources */,
			);
			runOnlyForDeploymentPostprocessing = 0;
		};
/* End PBXSourcesBuildPhase section */

/* Begin PBXTargetDependency section */
		AF60ED722B189000001DC88B /* PBXTargetDependency */ = {
			isa = PBXTargetDependency;
			target = AFFC6DF42B17817300C04F8D /* AOC2023 */;
			targetProxy = AF60ED712B189000001DC88B /* PBXContainerItemProxy */;
		};
/* End PBXTargetDependency section */

/* Begin XCBuildConfiguration section */
		AF60ED6A2B188F38001DC88B /* Debug */ = {
			isa = XCBuildConfiguration;
			buildSettings = {
				CODE_SIGN_STYLE = Automatic;
				CURRENT_PROJECT_VERSION = 1;
				GENERATE_INFOPLIST_FILE = YES;
				MARKETING_VERSION = 1.0;
				PRODUCT_BUNDLE_IDENTIFIER = com.mashbytes.AOC2023Tests;
				PRODUCT_NAME = "$(TARGET_NAME)";
				SWIFT_EMIT_LOC_STRINGS = NO;
				SWIFT_VERSION = 5.0;
			};
			name = Debug;
		};
		AF60ED6B2B188F38001DC88B /* Release */ = {
			isa = XCBuildConfiguration;
			buildSettings = {
				CODE_SIGN_STYLE = Automatic;
				CURRENT_PROJECT_VERSION = 1;
				GENERATE_INFOPLIST_FILE = YES;
				MARKETING_VERSION = 1.0;
				PRODUCT_BUNDLE_IDENTIFIER = com.mashbytes.AOC2023Tests;
				PRODUCT_NAME = "$(TARGET_NAME)";
				SWIFT_EMIT_LOC_STRINGS = NO;
				SWIFT_VERSION = 5.0;
			};
			name = Release;
		};
		AFFC6DFA2B17817300C04F8D /* Debug */ = {
			isa = XCBuildConfiguration;
			buildSettings = {
				ALWAYS_SEARCH_USER_PATHS = NO;
				ASSETCATALOG_COMPILER_GENERATE_SWIFT_ASSET_SYMBOL_EXTENSIONS = YES;
				CLANG_ANALYZER_NONNULL = YES;
				CLANG_ANALYZER_NUMBER_OBJECT_CONVERSION = YES_AGGRESSIVE;
				CLANG_CXX_LANGUAGE_STANDARD = "gnu++20";
				CLANG_ENABLE_MODULES = YES;
				CLANG_ENABLE_OBJC_ARC = YES;
				CLANG_ENABLE_OBJC_WEAK = YES;
				CLANG_WARN_BLOCK_CAPTURE_AUTORELEASING = YES;
				CLANG_WARN_BOOL_CONVERSION = YES;
				CLANG_WARN_COMMA = YES;
				CLANG_WARN_CONSTANT_CONVERSION = YES;
				CLANG_WARN_DEPRECATED_OBJC_IMPLEMENTATIONS = YES;
				CLANG_WARN_DIRECT_OBJC_ISA_USAGE = YES_ERROR;
				CLANG_WARN_DOCUMENTATION_COMMENTS = YES;
				CLANG_WARN_EMPTY_BODY = YES;
				CLANG_WARN_ENUM_CONVERSION = YES;
				CLANG_WARN_INFINITE_RECURSION = YES;
				CLANG_WARN_INT_CONVERSION = YES;
				CLANG_WARN_NON_LITERAL_NULL_CONVERSION = YES;
				CLANG_WARN_OBJC_IMPLICIT_RETAIN_SELF = YES;
				CLANG_WARN_OBJC_LITERAL_CONVERSION = YES;
				CLANG_WARN_OBJC_ROOT_CLASS = YES_ERROR;
				CLANG_WARN_QUOTED_INCLUDE_IN_FRAMEWORK_HEADER = YES;
				CLANG_WARN_RANGE_LOOP_ANALYSIS = YES;
				CLANG_WARN_STRICT_PROTOTYPES = YES;
				CLANG_WARN_SUSPICIOUS_MOVE = YES;
				CLANG_WARN_UNGUARDED_AVAILABILITY = YES_AGGRESSIVE;
				CLANG_WARN_UNREACHABLE_CODE = YES;
				CLANG_WARN__DUPLICATE_METHOD_MATCH = YES;
				COPY_PHASE_STRIP = NO;
				DEBUG_INFORMATION_FORMAT = dwarf;
				ENABLE_STRICT_OBJC_MSGSEND = YES;
				ENABLE_TESTABILITY = YES;
				ENABLE_USER_SCRIPT_SANDBOXING = YES;
				GCC_C_LANGUAGE_STANDARD = gnu17;
				GCC_DYNAMIC_NO_PIC = NO;
				GCC_NO_COMMON_BLOCKS = YES;
				GCC_OPTIMIZATION_LEVEL = 0;
				GCC_PREPROCESSOR_DEFINITIONS = (
					"DEBUG=1",
					"$(inherited)",
				);
				GCC_WARN_64_TO_32_BIT_CONVERSION = YES;
				GCC_WARN_ABOUT_RETURN_TYPE = YES_ERROR;
				GCC_WARN_UNDECLARED_SELECTOR = YES;
				GCC_WARN_UNINITIALIZED_AUTOS = YES_AGGRESSIVE;
				GCC_WARN_UNUSED_FUNCTION = YES;
				GCC_WARN_UNUSED_VARIABLE = YES;
				LOCALIZATION_PREFERS_STRING_CATALOGS = YES;
				MACOSX_DEPLOYMENT_TARGET = 13.6;
				MTL_ENABLE_DEBUG_INFO = INCLUDE_SOURCE;
				MTL_FAST_MATH = YES;
				ONLY_ACTIVE_ARCH = YES;
				SDKROOT = macosx;
				SWIFT_ACTIVE_COMPILATION_CONDITIONS = "DEBUG $(inherited)";
				SWIFT_OPTIMIZATION_LEVEL = "-Onone";
			};
			name = Debug;
		};
		AFFC6DFB2B17817300C04F8D /* Release */ = {
			isa = XCBuildConfiguration;
			buildSettings = {
				ALWAYS_SEARCH_USER_PATHS = NO;
				ASSETCATALOG_COMPILER_GENERATE_SWIFT_ASSET_SYMBOL_EXTENSIONS = YES;
				CLANG_ANALYZER_NONNULL = YES;
				CLANG_ANALYZER_NUMBER_OBJECT_CONVERSION = YES_AGGRESSIVE;
				CLANG_CXX_LANGUAGE_STANDARD = "gnu++20";
				CLANG_ENABLE_MODULES = YES;
				CLANG_ENABLE_OBJC_ARC = YES;
				CLANG_ENABLE_OBJC_WEAK = YES;
				CLANG_WARN_BLOCK_CAPTURE_AUTORELEASING = YES;
				CLANG_WARN_BOOL_CONVERSION = YES;
				CLANG_WARN_COMMA = YES;
				CLANG_WARN_CONSTANT_CONVERSION = YES;
				CLANG_WARN_DEPRECATED_OBJC_IMPLEMENTATIONS = YES;
				CLANG_WARN_DIRECT_OBJC_ISA_USAGE = YES_ERROR;
				CLANG_WARN_DOCUMENTATION_COMMENTS = YES;
				CLANG_WARN_EMPTY_BODY = YES;
				CLANG_WARN_ENUM_CONVERSION = YES;
				CLANG_WARN_INFINITE_RECURSION = YES;
				CLANG_WARN_INT_CONVERSION = YES;
				CLANG_WARN_NON_LITERAL_NULL_CONVERSION = YES;
				CLANG_WARN_OBJC_IMPLICIT_RETAIN_SELF = YES;
				CLANG_WARN_OBJC_LITERAL_CONVERSION = YES;
				CLANG_WARN_OBJC_ROOT_CLASS = YES_ERROR;
				CLANG_WARN_QUOTED_INCLUDE_IN_FRAMEWORK_HEADER = YES;
				CLANG_WARN_RANGE_LOOP_ANALYSIS = YES;
				CLANG_WARN_STRICT_PROTOTYPES = YES;
				CLANG_WARN_SUSPICIOUS_MOVE = YES;
				CLANG_WARN_UNGUARDED_AVAILABILITY = YES_AGGRESSIVE;
				CLANG_WARN_UNREACHABLE_CODE = YES;
				CLANG_WARN__DUPLICATE_METHOD_MATCH = YES;
				COPY_PHASE_STRIP = NO;
				DEBUG_INFORMATION_FORMAT = "dwarf-with-dsym";
				ENABLE_NS_ASSERTIONS = NO;
				ENABLE_STRICT_OBJC_MSGSEND = YES;
				ENABLE_USER_SCRIPT_SANDBOXING = YES;
				GCC_C_LANGUAGE_STANDARD = gnu17;
				GCC_NO_COMMON_BLOCKS = YES;
				GCC_WARN_64_TO_32_BIT_CONVERSION = YES;
				GCC_WARN_ABOUT_RETURN_TYPE = YES_ERROR;
				GCC_WARN_UNDECLARED_SELECTOR = YES;
				GCC_WARN_UNINITIALIZED_AUTOS = YES_AGGRESSIVE;
				GCC_WARN_UNUSED_FUNCTION = YES;
				GCC_WARN_UNUSED_VARIABLE = YES;
				LOCALIZATION_PREFERS_STRING_CATALOGS = YES;
				MACOSX_DEPLOYMENT_TARGET = 13.6;
				MTL_ENABLE_DEBUG_INFO = NO;
				MTL_FAST_MATH = YES;
				SDKROOT = macosx;
				SWIFT_COMPILATION_MODE = wholemodule;
			};
			name = Release;
		};
		AFFC6DFD2B17817300C04F8D /* Debug */ = {
			isa = XCBuildConfiguration;
			buildSettings = {
				CODE_SIGN_STYLE = Automatic;
				PRODUCT_NAME = "$(TARGET_NAME)";
				SWIFT_VERSION = 5.0;
			};
			name = Debug;
		};
		AFFC6DFE2B17817300C04F8D /* Release */ = {
			isa = XCBuildConfiguration;
			buildSettings = {
				CODE_SIGN_STYLE = Automatic;
				PRODUCT_NAME = "$(TARGET_NAME)";
				SWIFT_VERSION = 5.0;
			};
			name = Release;
		};
/* End XCBuildConfiguration section */

/* Begin XCConfigurationList section */
		AF60ED6C2B188F38001DC88B /* Build configuration list for PBXNativeTarget "AOC2023Tests" */ = {
			isa = XCConfigurationList;
			buildConfigurations = (
				AF60ED6A2B188F38001DC88B /* Debug */,
				AF60ED6B2B188F38001DC88B /* Release */,
			);
			defaultConfigurationIsVisible = 0;
			defaultConfigurationName = Release;
		};
		AFFC6DF02B17817300C04F8D /* Build configuration list for PBXProject "AOC2023" */ = {
			isa = XCConfigurationList;
			buildConfigurations = (
				AFFC6DFA2B17817300C04F8D /* Debug */,
				AFFC6DFB2B17817300C04F8D /* Release */,
			);
			defaultConfigurationIsVisible = 0;
			defaultConfigurationName = Release;
		};
		AFFC6DFC2B17817300C04F8D /* Build configuration list for PBXNativeTarget "AOC2023" */ = {
			isa = XCConfigurationList;
			buildConfigurations = (
				AFFC6DFD2B17817300C04F8D /* Debug */,
				AFFC6DFE2B17817300C04F8D /* Release */,
			);
			defaultConfigurationIsVisible = 0;
			defaultConfigurationName = Release;
		};
/* End XCConfigurationList section */
	};
	rootObject = AFFC6DED2B17817300C04F8D /* Project object */;
}
